// !$*UTF8*$!
{
	archiveVersion = 1;
	classes = {
	};
	objectVersion = 50;
	objects = {

/* Begin PBXBuildFile section */
		512ACBA324E9D320003951A3 /* Hierarchical_ListApp.swift in Sources */ = {isa = PBXBuildFile; fileRef = 512ACB9024E9D31D003951A3 /* Hierarchical_ListApp.swift */; };
		512ACBA424E9D320003951A3 /* Hierarchical_ListApp.swift in Sources */ = {isa = PBXBuildFile; fileRef = 512ACB9024E9D31D003951A3 /* Hierarchical_ListApp.swift */; };
		512ACBA524E9D320003951A3 /* ContentView.swift in Sources */ = {isa = PBXBuildFile; fileRef = 512ACB9124E9D31D003951A3 /* ContentView.swift */; };
		512ACBA624E9D320003951A3 /* ContentView.swift in Sources */ = {isa = PBXBuildFile; fileRef = 512ACB9124E9D31D003951A3 /* ContentView.swift */; };
		512ACBA724E9D320003951A3 /* Assets.xcassets in Resources */ = {isa = PBXBuildFile; fileRef = 512ACB9224E9D320003951A3 /* Assets.xcassets */; };
		512ACBA824E9D320003951A3 /* Assets.xcassets in Resources */ = {isa = PBXBuildFile; fileRef = 512ACB9224E9D320003951A3 /* Assets.xcassets */; };
		51349EFA24EAA533008CBDDB /* CountryData.swift in Sources */ = {isa = PBXBuildFile; fileRef = 51349EF924EAA533008CBDDB /* CountryData.swift */; };
		51349EFB24EAA533008CBDDB /* CountryData.swift in Sources */ = {isa = PBXBuildFile; fileRef = 51349EF924EAA533008CBDDB /* CountryData.swift */; };
		51349EFD24EABFD5008CBDDB /* HierarchicalView.swift in Sources */ = {isa = PBXBuildFile; fileRef = 51349EFC24EABFD5008CBDDB /* HierarchicalView.swift */; };
		51349EFE24EABFD5008CBDDB /* HierarchicalView.swift in Sources */ = {isa = PBXBuildFile; fileRef = 51349EFC24EABFD5008CBDDB /* HierarchicalView.swift */; };
		51349F0024EAC76F008CBDDB /* OutlineGroupView.swift in Sources */ = {isa = PBXBuildFile; fileRef = 51349EFF24EAC76F008CBDDB /* OutlineGroupView.swift */; };
		51349F0124EAC76F008CBDDB /* OutlineGroupView.swift in Sources */ = {isa = PBXBuildFile; fileRef = 51349EFF24EAC76F008CBDDB /* OutlineGroupView.swift */; };
		51349F0324EAF900008CBDDB /* DisclosureGroupView.swift in Sources */ = {isa = PBXBuildFile; fileRef = 51349F0224EAF900008CBDDB /* DisclosureGroupView.swift */; };
		51349F0424EAF900008CBDDB /* DisclosureGroupView.swift in Sources */ = {isa = PBXBuildFile; fileRef = 51349F0224EAF900008CBDDB /* DisclosureGroupView.swift */; };
/* End PBXBuildFile section */

/* Begin PBXFileReference section */
		512ACB9024E9D31D003951A3 /* Hierarchical_ListApp.swift */ = {isa = PBXFileReference; lastKnownFileType = sourcecode.swift; path = Hierarchical_ListApp.swift; sourceTree = "<group>"; };
		512ACB9124E9D31D003951A3 /* ContentView.swift */ = {isa = PBXFileReference; lastKnownFileType = sourcecode.swift; path = ContentView.swift; sourceTree = "<group>"; };
		512ACB9224E9D320003951A3 /* Assets.xcassets */ = {isa = PBXFileReference; lastKnownFileType = folder.assetcatalog; path = Assets.xcassets; sourceTree = "<group>"; };
		512ACB9724E9D320003951A3 /* Hierarchical List.app */ = {isa = PBXFileReference; explicitFileType = wrapper.application; includeInIndex = 0; path = "Hierarchical List.app"; sourceTree = BUILT_PRODUCTS_DIR; };
		512ACB9A24E9D320003951A3 /* Info.plist */ = {isa = PBXFileReference; lastKnownFileType = text.plist.xml; path = Info.plist; sourceTree = "<group>"; };
		512ACB9F24E9D320003951A3 /* Hierarchical List.app */ = {isa = PBXFileReference; explicitFileType = wrapper.application; includeInIndex = 0; path = "Hierarchical List.app"; sourceTree = BUILT_PRODUCTS_DIR; };
		512ACBA124E9D320003951A3 /* Info.plist */ = {isa = PBXFileReference; lastKnownFileType = text.plist.xml; path = Info.plist; sourceTree = "<group>"; };
		512ACBA224E9D320003951A3 /* macOS.entitlements */ = {isa = PBXFileReference; lastKnownFileType = text.plist.entitlements; path = macOS.entitlements; sourceTree = "<group>"; };
		51349EF924EAA533008CBDDB /* CountryData.swift */ = {isa = PBXFileReference; lastKnownFileType = sourcecode.swift; path = CountryData.swift; sourceTree = "<group>"; };
		51349EFC24EABFD5008CBDDB /* HierarchicalView.swift */ = {isa = PBXFileReference; lastKnownFileType = sourcecode.swift; path = HierarchicalView.swift; sourceTree = "<group>"; };
		51349EFF24EAC76F008CBDDB /* OutlineGroupView.swift */ = {isa = PBXFileReference; lastKnownFileType = sourcecode.swift; path = OutlineGroupView.swift; sourceTree = "<group>"; };
		51349F0224EAF900008CBDDB /* DisclosureGroupView.swift */ = {isa = PBXFileReference; lastKnownFileType = sourcecode.swift; path = DisclosureGroupView.swift; sourceTree = "<group>"; };
/* End PBXFileReference section */

/* Begin PBXFrameworksBuildPhase section */
		512ACB9424E9D320003951A3 /* Frameworks */ = {
			isa = PBXFrameworksBuildPhase;
			buildActionMask = 2147483647;
			files = (
			);
			runOnlyForDeploymentPostprocessing = 0;
		};
		512ACB9C24E9D320003951A3 /* Frameworks */ = {
			isa = PBXFrameworksBuildPhase;
			buildActionMask = 2147483647;
			files = (
			);
			runOnlyForDeploymentPostprocessing = 0;
		};
/* End PBXFrameworksBuildPhase section */

/* Begin PBXGroup section */
		512ACB8A24E9D31D003951A3 = {
			isa = PBXGroup;
			children = (
				512ACB8F24E9D31D003951A3 /* Shared */,
				512ACB9924E9D320003951A3 /* iOS */,
				512ACBA024E9D320003951A3 /* macOS */,
				512ACB9824E9D320003951A3 /* Products */,
			);
			sourceTree = "<group>";
		};
		512ACB8F24E9D31D003951A3 /* Shared */ = {
			isa = PBXGroup;
			children = (
				512ACB9024E9D31D003951A3 /* Hierarchical_ListApp.swift */,
				512ACB9124E9D31D003951A3 /* ContentView.swift */,
				51349EFC24EABFD5008CBDDB /* HierarchicalView.swift */,
				51349F0224EAF900008CBDDB /* DisclosureGroupView.swift */,
				51349EFF24EAC76F008CBDDB /* OutlineGroupView.swift */,
				51349EF924EAA533008CBDDB /* CountryData.swift */,
				512ACB9224E9D320003951A3 /* Assets.xcassets */,
			);
			path = Shared;
			sourceTree = "<group>";
		};
		512ACB9824E9D320003951A3 /* Products */ = {
			isa = PBXGroup;
			children = (
				512ACB9724E9D320003951A3 /* Hierarchical List.app */,
				512ACB9F24E9D320003951A3 /* Hierarchical List.app */,
			);
			name = Products;
			sourceTree = "<group>";
		};
		512ACB9924E9D320003951A3 /* iOS */ = {
			isa = PBXGroup;
			children = (
				512ACB9A24E9D320003951A3 /* Info.plist */,
			);
			path = iOS;
			sourceTree = "<group>";
		};
		512ACBA024E9D320003951A3 /* macOS */ = {
			isa = PBXGroup;
			children = (
				512ACBA124E9D320003951A3 /* Info.plist */,
				512ACBA224E9D320003951A3 /* macOS.entitlements */,
			);
			path = macOS;
			sourceTree = "<group>";
		};
/* End PBXGroup section */

/* Begin PBXNativeTarget section */
		512ACB9624E9D320003951A3 /* Hierarchical List (iOS) */ = {
			isa = PBXNativeTarget;
			buildConfigurationList = 512ACBAB24E9D320003951A3 /* Build configuration list for PBXNativeTarget "Hierarchical List (iOS)" */;
			buildPhases = (
				512ACB9324E9D320003951A3 /* Sources */,
				512ACB9424E9D320003951A3 /* Frameworks */,
				512ACB9524E9D320003951A3 /* Resources */,
			);
			buildRules = (
			);
			dependencies = (
			);
			name = "Hierarchical List (iOS)";
			productName = "Hierarchical List (iOS)";
			productReference = 512ACB9724E9D320003951A3 /* Hierarchical List.app */;
			productType = "com.apple.product-type.application";
		};
		512ACB9E24E9D320003951A3 /* Hierarchical List (macOS) */ = {
			isa = PBXNativeTarget;
			buildConfigurationList = 512ACBAE24E9D320003951A3 /* Build configuration list for PBXNativeTarget "Hierarchical List (macOS)" */;
			buildPhases = (
				512ACB9B24E9D320003951A3 /* Sources */,
				512ACB9C24E9D320003951A3 /* Frameworks */,
				512ACB9D24E9D320003951A3 /* Resources */,
			);
			buildRules = (
			);
			dependencies = (
			);
			name = "Hierarchical List (macOS)";
			productName = "Hierarchical List (macOS)";
			productReference = 512ACB9F24E9D320003951A3 /* Hierarchical List.app */;
			productType = "com.apple.product-type.application";
		};
/* End PBXNativeTarget section */

/* Begin PBXProject section */
		512ACB8B24E9D31D003951A3 /* Project object */ = {
			isa = PBXProject;
			attributes = {
				LastSwiftUpdateCheck = 1200;
				LastUpgradeCheck = 1200;
				TargetAttributes = {
					512ACB9624E9D320003951A3 = {
						CreatedOnToolsVersion = 12.0;
					};
					512ACB9E24E9D320003951A3 = {
						CreatedOnToolsVersion = 12.0;
					};
				};
			};
			buildConfigurationList = 512ACB8E24E9D31D003951A3 /* Build configuration list for PBXProject "Hierarchical List" */;
			compatibilityVersion = "Xcode 9.3";
			developmentRegion = en;
			hasScannedForEncodings = 0;
			knownRegions = (
				en,
				Base,
			);
			mainGroup = 512ACB8A24E9D31D003951A3;
			productRefGroup = 512ACB9824E9D320003951A3 /* Products */;
			projectDirPath = "";
			projectRoot = "";
			targets = (
				512ACB9624E9D320003951A3 /* Hierarchical List (iOS) */,
				512ACB9E24E9D320003951A3 /* Hierarchical List (macOS) */,
			);
		};
/* End PBXProject section */

/* Begin PBXResourcesBuildPhase section */
		512ACB9524E9D320003951A3 /* Resources */ = {
			isa = PBXResourcesBuildPhase;
			buildActionMask = 2147483647;
			files = (
				512ACBA724E9D320003951A3 /* Assets.xcassets in Resources */,
			);
			runOnlyForDeploymentPostprocessing = 0;
		};
		512ACB9D24E9D320003951A3 /* Resources */ = {
			isa = PBXResourcesBuildPhase;
			buildActionMask = 2147483647;
			files = (
				512ACBA824E9D320003951A3 /* Assets.xcassets in Resources */,
			);
			runOnlyForDeploymentPostprocessing = 0;
		};
/* End PBXResourcesBuildPhase section */

/* Begin PBXSourcesBuildPhase section */
		512ACB9324E9D320003951A3 /* Sources */ = {
			isa = PBXSourcesBuildPhase;
			buildActionMask = 2147483647;
			files = (
				51349F0024EAC76F008CBDDB /* OutlineGroupView.swift in Sources */,
				512ACBA524E9D320003951A3 /* ContentView.swift in Sources */,
				51349EFA24EAA533008CBDDB /* CountryData.swift in Sources */,
				512ACBA324E9D320003951A3 /* Hierarchical_ListApp.swift in Sources */,
				51349EFD24EABFD5008CBDDB /* HierarchicalView.swift in Sources */,
				51349F0324EAF900008CBDDB /* DisclosureGroupView.swift in Sources */,
			);
			runOnlyForDeploymentPostprocessing = 0;
		};
		512ACB9B24E9D320003951A3 /* Sources */ = {
			isa = PBXSourcesBuildPhase;
			buildActionMask = 2147483647;
			files = (
				51349F0124EAC76F008CBDDB /* OutlineGroupView.swift in Sources */,
				512ACBA624E9D320003951A3 /* ContentView.swift in Sources */,
				51349EFB24EAA533008CBDDB /* CountryData.swift in Sources */,
				512ACBA424E9D320003951A3 /* Hierarchical_ListApp.swift in Sources */,
				51349EFE24EABFD5008CBDDB /* HierarchicalView.swift in Sources */,
				51349F0424EAF900008CBDDB /* DisclosureGroupView.swift in Sources */,
			);
			runOnlyForDeploymentPostprocessing = 0;
		};
/* End PBXSourcesBuildPhase section */

/* Begin XCBuildConfiguration section */
		512ACBA924E9D320003951A3 /* Debug */ = {
			isa = XCBuildConfiguration;
			buildSettings = {
				ALWAYS_SEARCH_USER_PATHS = NO;
				CLANG_ANALYZER_NONNULL = YES;
				CLANG_ANALYZER_NUMBER_OBJECT_CONVERSION = YES_AGGRESSIVE;
				CLANG_CXX_LANGUAGE_STANDARD = "gnu++14";
				CLANG_CXX_LIBRARY = "libc++";
				CLANG_ENABLE_MODULES = YES;
				CLANG_ENABLE_OBJC_ARC = YES;
				CLANG_ENABLE_OBJC_WEAK = YES;
				CLANG_WARN_BLOCK_CAPTURE_AUTORELEASING = YES;
				CLANG_WARN_BOOL_CONVERSION = YES;
				CLANG_WARN_COMMA = YES;
				CLANG_WARN_CONSTANT_CONVERSION = YES;
				CLANG_WARN_DEPRECATED_OBJC_IMPLEMENTATIONS = YES;
				CLANG_WARN_DIRECT_OBJC_ISA_USAGE = YES_ERROR;
				CLANG_WARN_DOCUMENTATION_COMMENTS = YES;
				CLANG_WARN_EMPTY_BODY = YES;
				CLANG_WARN_ENUM_CONVERSION = YES;
				CLANG_WARN_INFINITE_RECURSION = YES;
				CLANG_WARN_INT_CONVERSION = YES;
				CLANG_WARN_NON_LITERAL_NULL_CONVERSION = YES;
				CLANG_WARN_OBJC_IMPLICIT_RETAIN_SELF = YES;
				CLANG_WARN_OBJC_LITERAL_CONVERSION = YES;
				CLANG_WARN_OBJC_ROOT_CLASS = YES_ERROR;
				CLANG_WARN_QUOTED_INCLUDE_IN_FRAMEWORK_HEADER = YES;
				CLANG_WARN_RANGE_LOOP_ANALYSIS = YES;
				CLANG_WARN_STRICT_PROTOTYPES = YES;
				CLANG_WARN_SUSPICIOUS_MOVE = YES;
				CLANG_WARN_UNGUARDED_AVAILABILITY = YES_AGGRESSIVE;
				CLANG_WARN_UNREACHABLE_CODE = YES;
				CLANG_WARN__DUPLICATE_METHOD_MATCH = YES;
				COPY_PHASE_STRIP = NO;
				DEBUG_INFORMATION_FORMAT = dwarf;
				ENABLE_STRICT_OBJC_MSGSEND = YES;
				ENABLE_TESTABILITY = YES;
				GCC_C_LANGUAGE_STANDARD = gnu11;
				GCC_DYNAMIC_NO_PIC = NO;
				GCC_NO_COMMON_BLOCKS = YES;
				GCC_OPTIMIZATION_LEVEL = 0;
				GCC_PREPROCESSOR_DEFINITIONS = (
					"DEBUG=1",
					"$(inherited)",
				);
				GCC_WARN_64_TO_32_BIT_CONVERSION = YES;
				GCC_WARN_ABOUT_RETURN_TYPE = YES_ERROR;
				GCC_WARN_UNDECLARED_SELECTOR = YES;
				GCC_WARN_UNINITIALIZED_AUTOS = YES_AGGRESSIVE;
				GCC_WARN_UNUSED_FUNCTION = YES;
				GCC_WARN_UNUSED_VARIABLE = YES;
				MTL_ENABLE_DEBUG_INFO = INCLUDE_SOURCE;
				MTL_FAST_MATH = YES;
				ONLY_ACTIVE_ARCH = YES;
				SWIFT_ACTIVE_COMPILATION_CONDITIONS = DEBUG;
				SWIFT_OPTIMIZATION_LEVEL = "-Onone";
			};
			name = Debug;
		};
		512ACBAA24E9D320003951A3 /* Release */ = {
			isa = XCBuildConfiguration;
			buildSettings = {
				ALWAYS_SEARCH_USER_PATHS = NO;
				CLANG_ANALYZER_NONNULL = YES;
				CLANG_ANALYZER_NUMBER_OBJECT_CONVERSION = YES_AGGRESSIVE;
				CLANG_CXX_LANGUAGE_STANDARD = "gnu++14";
				CLANG_CXX_LIBRARY = "libc++";
				CLANG_ENABLE_MODULES = YES;
				CLANG_ENABLE_OBJC_ARC = YES;
				CLANG_ENABLE_OBJC_WEAK = YES;
				CLANG_WARN_BLOCK_CAPTURE_AUTORELEASING = YES;
				CLANG_WARN_BOOL_CONVERSION = YES;
				CLANG_WARN_COMMA = YES;
				CLANG_WARN_CONSTANT_CONVERSION = YES;
				CLANG_WARN_DEPRECATED_OBJC_IMPLEMENTATIONS = YES;
				CLANG_WARN_DIRECT_OBJC_ISA_USAGE = YES_ERROR;
				CLANG_WARN_DOCUMENTATION_COMMENTS = YES;
				CLANG_WARN_EMPTY_BODY = YES;
				CLANG_WARN_ENUM_CONVERSION = YES;
				CLANG_WARN_INFINITE_RECURSION = YES;
				CLANG_WARN_INT_CONVERSION = YES;
				CLANG_WARN_NON_LITERAL_NULL_CONVERSION = YES;
				CLANG_WARN_OBJC_IMPLICIT_RETAIN_SELF = YES;
				CLANG_WARN_OBJC_LITERAL_CONVERSION = YES;
				CLANG_WARN_OBJC_ROOT_CLASS = YES_ERROR;
				CLANG_WARN_QUOTED_INCLUDE_IN_FRAMEWORK_HEADER = YES;
				CLANG_WARN_RANGE_LOOP_ANALYSIS = YES;
				CLANG_WARN_STRICT_PROTOTYPES = YES;
				CLANG_WARN_SUSPICIOUS_MOVE = YES;
				CLANG_WARN_UNGUARDED_AVAILABILITY = YES_AGGRESSIVE;
				CLANG_WARN_UNREACHABLE_CODE = YES;
				CLANG_WARN__DUPLICATE_METHOD_MATCH = YES;
				COPY_PHASE_STRIP = NO;
				DEBUG_INFORMATION_FORMAT = "dwarf-with-dsym";
				ENABLE_NS_ASSERTIONS = NO;
				ENABLE_STRICT_OBJC_MSGSEND = YES;
				GCC_C_LANGUAGE_STANDARD = gnu11;
				GCC_NO_COMMON_BLOCKS = YES;
				GCC_WARN_64_TO_32_BIT_CONVERSION = YES;
				GCC_WARN_ABOUT_RETURN_TYPE = YES_ERROR;
				GCC_WARN_UNDECLARED_SELECTOR = YES;
				GCC_WARN_UNINITIALIZED_AUTOS = YES_AGGRESSIVE;
				GCC_WARN_UNUSED_FUNCTION = YES;
				GCC_WARN_UNUSED_VARIABLE = YES;
				MTL_ENABLE_DEBUG_INFO = NO;
				MTL_FAST_MATH = YES;
				SWIFT_COMPILATION_MODE = wholemodule;
				SWIFT_OPTIMIZATION_LEVEL = "-O";
			};
			name = Release;
		};
		512ACBAC24E9D320003951A3 /* Debug */ = {
			isa = XCBuildConfiguration;
			buildSettings = {
				ASSETCATALOG_COMPILER_APPICON_NAME = AppIcon;
				ASSETCATALOG_COMPILER_GLOBAL_ACCENT_COLOR_NAME = AccentColor;
				CODE_SIGN_STYLE = Automatic;
				DEVELOPMENT_TEAM = R77BD8MPA8;
				ENABLE_PREVIEWS = YES;
				INFOPLIST_FILE = iOS/Info.plist;
				IPHONEOS_DEPLOYMENT_TARGET = 14.0;
				LD_RUNPATH_SEARCH_PATHS = (
					"$(inherited)",
					"@executable_path/Frameworks",
				);
				PRODUCT_BUNDLE_IDENTIFIER = "com.mazharul.huq.Hierarchical-List";
				PRODUCT_NAME = "Hierarchical List";
				SDKROOT = iphoneos;
				SWIFT_VERSION = 5.0;
				TARGETED_DEVICE_FAMILY = "1,2";
			};
			name = Debug;
		};
		512ACBAD24E9D320003951A3 /* Release */ = {
			isa = XCBuildConfiguration;
			buildSettings = {
				ASSETCATALOG_COMPILER_APPICON_NAME = AppIcon;
				ASSETCATALOG_COMPILER_GLOBAL_ACCENT_COLOR_NAME = AccentColor;
				CODE_SIGN_STYLE = Automatic;
				DEVELOPMENT_TEAM = R77BD8MPA8;
				ENABLE_PREVIEWS = YES;
				INFOPLIST_FILE = iOS/Info.plist;
				IPHONEOS_DEPLOYMENT_TARGET = 14.0;
				LD_RUNPATH_SEARCH_PATHS = (
					"$(inherited)",
					"@executable_path/Frameworks",
				);
				PRODUCT_BUNDLE_IDENTIFIER = "com.mazharul.huq.Hierarchical-List";
				PRODUCT_NAME = "Hierarchical List";
				SDKROOT = iphoneos;
				SWIFT_VERSION = 5.0;
				TARGETED_DEVICE_FAMILY = "1,2";
				VALIDATE_PRODUCT = YES;
			};
			name = Release;
		};
		512ACBAF24E9D320003951A3 /* Debug */ = {
			isa = XCBuildConfiguration;
			buildSettings = {
				ASSETCATALOG_COMPILER_APPICON_NAME = AppIcon;
				ASSETCATALOG_COMPILER_GLOBAL_ACCENT_COLOR_NAME = AccentColor;
				CODE_SIGN_ENTITLEMENTS = macOS/macOS.entitlements;
				CODE_SIGN_STYLE = Automatic;
				COMBINE_HIDPI_IMAGES = YES;
				DEVELOPMENT_TEAM = R77BD8MPA8;
				ENABLE_HARDENED_RUNTIME = YES;
				ENABLE_PREVIEWS = YES;
				INFOPLIST_FILE = macOS/Info.plist;
				LD_RUNPATH_SEARCH_PATHS = (
					"$(inherited)",
					"@executable_path/../Frameworks",
				);
				MACOSX_DEPLOYMENT_TARGET = 11.0;
				PRODUCT_BUNDLE_IDENTIFIER = "com.mazharul.huq.Hierarchical-List";
				PRODUCT_NAME = "Hierarchical List";
				SDKROOT = macosx;
				SWIFT_VERSION = 5.0;
			};
			name = Debug;
		};
		512ACBB024E9D320003951A3 /* Release */ = {
			isa = XCBuildConfiguration;
			buildSettings = {
				ASSETCATALOG_COMPILER_APPICON_NAME = AppIcon;
				ASSETCATALOG_COMPILER_GLOBAL_ACCENT_COLOR_NAME = AccentColor;
				CODE_SIGN_ENTITLEMENTS = macOS/macOS.entitlements;
				CODE_SIGN_STYLE = Automatic;
				COMBINE_HIDPI_IMAGES = YES;
				DEVELOPMENT_TEAM = R77BD8MPA8;
				ENABLE_HARDENED_RUNTIME = YES;
				ENABLE_PREVIEWS = YES;
				INFOPLIST_FILE = macOS/Info.plist;
				LD_RUNPATH_SEARCH_PATHS = (
					"$(inherited)",
					"@executable_path/../Frameworks",
				);
				MACOSX_DEPLOYMENT_TARGET = 11.0;
				PRODUCT_BUNDLE_IDENTIFIER = "com.mazharul.huq.Hierarchical-List";
				PRODUCT_NAME = "Hierarchical List";
				SDKROOT = macosx;
				SWIFT_VERSION = 5.0;
			};
			name = Release;
		};
/* End XCBuildConfiguration section */

/* Begin XCConfigurationList section */
		512ACB8E24E9D31D003951A3 /* Build configuration list for PBXProject "Hierarchical List" */ = {
			isa = XCConfigurationList;
			buildConfigurations = (
				512ACBA924E9D320003951A3 /* Debug */,
				512ACBAA24E9D320003951A3 /* Release */,
			);
			defaultConfigurationIsVisible = 0;
			defaultConfigurationName = Release;
		};
		512ACBAB24E9D320003951A3 /* Build configuration list for PBXNativeTarget "Hierarchical List (iOS)" */ = {
			isa = XCConfigurationList;
			buildConfigurations = (
				512ACBAC24E9D320003951A3 /* Debug */,
				512ACBAD24E9D320003951A3 /* Release */,
			);
			defaultConfigurationIsVisible = 0;
			defaultConfigurationName = Release;
		};
		512ACBAE24E9D320003951A3 /* Build configuration list for PBXNativeTarget "Hierarchical List (macOS)" */ = {
			isa = XCConfigurationList;
			buildConfigurations = (
				512ACBAF24E9D320003951A3 /* Debug */,
				512ACBB024E9D320003951A3 /* Release */,
			);
			defaultConfigurationIsVisible = 0;
			defaultConfigurationName = Release;
		};
/* End XCConfigurationList section */
	};
	rootObject = 512ACB8B24E9D31D003951A3 /* Project object */;
}
