// !$*UTF8*$!
{
	archiveVersion = 1;
	classes = {
	};
	objectVersion = 50;
	objects = {

/* Begin PBXBuildFile section */
		510663A024E71BF400EF52CF /* Editing_List_ViewApp.swift in Sources */ = {isa = PBXBuildFile; fileRef = 5106638D24E71BEF00EF52CF /* Editing_List_ViewApp.swift */; };
		510663A124E71BF400EF52CF /* Editing_List_ViewApp.swift in Sources */ = {isa = PBXBuildFile; fileRef = 5106638D24E71BEF00EF52CF /* Editing_List_ViewApp.swift */; };
		510663A224E71BF400EF52CF /* ContentView.swift in Sources */ = {isa = PBXBuildFile; fileRef = 5106638E24E71BEF00EF52CF /* ContentView.swift */; };
		510663A324E71BF400EF52CF /* ContentView.swift in Sources */ = {isa = PBXBuildFile; fileRef = 5106638E24E71BEF00EF52CF /* ContentView.swift */; };
		510663A424E71BF400EF52CF /* Assets.xcassets in Resources */ = {isa = PBXBuildFile; fileRef = 5106638F24E71BF400EF52CF /* Assets.xcassets */; };
		510663A524E71BF400EF52CF /* Assets.xcassets in Resources */ = {isa = PBXBuildFile; fileRef = 5106638F24E71BF400EF52CF /* Assets.xcassets */; };
		510663AF24E71C0D00EF52CF /* EditSingleRowView.swift in Sources */ = {isa = PBXBuildFile; fileRef = 510663AE24E71C0D00EF52CF /* EditSingleRowView.swift */; };
		510663B024E71C0D00EF52CF /* EditSingleRowView.swift in Sources */ = {isa = PBXBuildFile; fileRef = 510663AE24E71C0D00EF52CF /* EditSingleRowView.swift */; };
		51341D9724E830780088AB83 /* FlagAndCountry.swift in Sources */ = {isa = PBXBuildFile; fileRef = 51341D9624E830780088AB83 /* FlagAndCountry.swift */; };
		51341D9824E830780088AB83 /* FlagAndCountry.swift in Sources */ = {isa = PBXBuildFile; fileRef = 51341D9624E830780088AB83 /* FlagAndCountry.swift */; };
		51341D9A24E8313C0088AB83 /* EditMultipleRowView.swift in Sources */ = {isa = PBXBuildFile; fileRef = 51341D9924E8313C0088AB83 /* EditMultipleRowView.swift */; };
		51341D9B24E8313C0088AB83 /* EditMultipleRowView.swift in Sources */ = {isa = PBXBuildFile; fileRef = 51341D9924E8313C0088AB83 /* EditMultipleRowView.swift */; };
		51341D9D24E88EC20088AB83 /* EditWithForEachView.swift in Sources */ = {isa = PBXBuildFile; fileRef = 51341D9C24E88EC20088AB83 /* EditWithForEachView.swift */; };
		51341D9E24E88EC20088AB83 /* EditWithForEachView.swift in Sources */ = {isa = PBXBuildFile; fileRef = 51341D9C24E88EC20088AB83 /* EditWithForEachView.swift */; };
/* End PBXBuildFile section */

/* Begin PBXFileReference section */
		5106638D24E71BEF00EF52CF /* Editing_List_ViewApp.swift */ = {isa = PBXFileReference; lastKnownFileType = sourcecode.swift; path = Editing_List_ViewApp.swift; sourceTree = "<group>"; };
		5106638E24E71BEF00EF52CF /* ContentView.swift */ = {isa = PBXFileReference; lastKnownFileType = sourcecode.swift; path = ContentView.swift; sourceTree = "<group>"; };
		5106638F24E71BF400EF52CF /* Assets.xcassets */ = {isa = PBXFileReference; lastKnownFileType = folder.assetcatalog; path = Assets.xcassets; sourceTree = "<group>"; };
		5106639424E71BF400EF52CF /* Editing List View.app */ = {isa = PBXFileReference; explicitFileType = wrapper.application; includeInIndex = 0; path = "Editing List View.app"; sourceTree = BUILT_PRODUCTS_DIR; };
		5106639724E71BF400EF52CF /* Info.plist */ = {isa = PBXFileReference; lastKnownFileType = text.plist.xml; path = Info.plist; sourceTree = "<group>"; };
		5106639C24E71BF400EF52CF /* Editing List View.app */ = {isa = PBXFileReference; explicitFileType = wrapper.application; includeInIndex = 0; path = "Editing List View.app"; sourceTree = BUILT_PRODUCTS_DIR; };
		5106639E24E71BF400EF52CF /* Info.plist */ = {isa = PBXFileReference; lastKnownFileType = text.plist.xml; path = Info.plist; sourceTree = "<group>"; };
		5106639F24E71BF400EF52CF /* macOS.entitlements */ = {isa = PBXFileReference; lastKnownFileType = text.plist.entitlements; path = macOS.entitlements; sourceTree = "<group>"; };
		510663AE24E71C0D00EF52CF /* EditSingleRowView.swift */ = {isa = PBXFileReference; lastKnownFileType = sourcecode.swift; path = EditSingleRowView.swift; sourceTree = "<group>"; };
		51341D9624E830780088AB83 /* FlagAndCountry.swift */ = {isa = PBXFileReference; lastKnownFileType = sourcecode.swift; path = FlagAndCountry.swift; sourceTree = "<group>"; };
		51341D9924E8313C0088AB83 /* EditMultipleRowView.swift */ = {isa = PBXFileReference; lastKnownFileType = sourcecode.swift; path = EditMultipleRowView.swift; sourceTree = "<group>"; };
		51341D9C24E88EC20088AB83 /* EditWithForEachView.swift */ = {isa = PBXFileReference; lastKnownFileType = sourcecode.swift; path = EditWithForEachView.swift; sourceTree = "<group>"; };
/* End PBXFileReference section */

/* Begin PBXFrameworksBuildPhase section */
		5106639124E71BF400EF52CF /* Frameworks */ = {
			isa = PBXFrameworksBuildPhase;
			buildActionMask = 2147483647;
			files = (
			);
			runOnlyForDeploymentPostprocessing = 0;
		};
		5106639924E71BF400EF52CF /* Frameworks */ = {
			isa = PBXFrameworksBuildPhase;
			buildActionMask = 2147483647;
			files = (
			);
			runOnlyForDeploymentPostprocessing = 0;
		};
/* End PBXFrameworksBuildPhase section */

/* Begin PBXGroup section */
		5106638724E71BEF00EF52CF = {
			isa = PBXGroup;
			children = (
				5106638C24E71BEF00EF52CF /* Shared */,
				5106639624E71BF400EF52CF /* iOS */,
				5106639D24E71BF400EF52CF /* macOS */,
				5106639524E71BF400EF52CF /* Products */,
			);
			sourceTree = "<group>";
		};
		5106638C24E71BEF00EF52CF /* Shared */ = {
			isa = PBXGroup;
			children = (
				5106638D24E71BEF00EF52CF /* Editing_List_ViewApp.swift */,
				5106638E24E71BEF00EF52CF /* ContentView.swift */,
				510663AE24E71C0D00EF52CF /* EditSingleRowView.swift */,
				51341D9924E8313C0088AB83 /* EditMultipleRowView.swift */,
				51341D9C24E88EC20088AB83 /* EditWithForEachView.swift */,
				51341D9624E830780088AB83 /* FlagAndCountry.swift */,
				5106638F24E71BF400EF52CF /* Assets.xcassets */,
			);
			path = Shared;
			sourceTree = "<group>";
		};
		5106639524E71BF400EF52CF /* Products */ = {
			isa = PBXGroup;
			children = (
				5106639424E71BF400EF52CF /* Editing List View.app */,
				5106639C24E71BF400EF52CF /* Editing List View.app */,
			);
			name = Products;
			sourceTree = "<group>";
		};
		5106639624E71BF400EF52CF /* iOS */ = {
			isa = PBXGroup;
			children = (
				5106639724E71BF400EF52CF /* Info.plist */,
			);
			path = iOS;
			sourceTree = "<group>";
		};
		5106639D24E71BF400EF52CF /* macOS */ = {
			isa = PBXGroup;
			children = (
				5106639E24E71BF400EF52CF /* Info.plist */,
				5106639F24E71BF400EF52CF /* macOS.entitlements */,
			);
			path = macOS;
			sourceTree = "<group>";
		};
/* End PBXGroup section */

/* Begin PBXNativeTarget section */
		5106639324E71BF400EF52CF /* Editing List View (iOS) */ = {
			isa = PBXNativeTarget;
			buildConfigurationList = 510663A824E71BF400EF52CF /* Build configuration list for PBXNativeTarget "Editing List View (iOS)" */;
			buildPhases = (
				5106639024E71BF400EF52CF /* Sources */,
				5106639124E71BF400EF52CF /* Frameworks */,
				5106639224E71BF400EF52CF /* Resources */,
			);
			buildRules = (
			);
			dependencies = (
			);
			name = "Editing List View (iOS)";
			productName = "Editing List View (iOS)";
			productReference = 5106639424E71BF400EF52CF /* Editing List View.app */;
			productType = "com.apple.product-type.application";
		};
		5106639B24E71BF400EF52CF /* Editing List View (macOS) */ = {
			isa = PBXNativeTarget;
			buildConfigurationList = 510663AB24E71BF400EF52CF /* Build configuration list for PBXNativeTarget "Editing List View (macOS)" */;
			buildPhases = (
				5106639824E71BF400EF52CF /* Sources */,
				5106639924E71BF400EF52CF /* Frameworks */,
				5106639A24E71BF400EF52CF /* Resources */,
			);
			buildRules = (
			);
			dependencies = (
			);
			name = "Editing List View (macOS)";
			productName = "Editing List View (macOS)";
			productReference = 5106639C24E71BF400EF52CF /* Editing List View.app */;
			productType = "com.apple.product-type.application";
		};
/* End PBXNativeTarget section */

/* Begin PBXProject section */
		5106638824E71BEF00EF52CF /* Project object */ = {
			isa = PBXProject;
			attributes = {
				LastSwiftUpdateCheck = 1200;
				LastUpgradeCheck = 1200;
				TargetAttributes = {
					5106639324E71BF400EF52CF = {
						CreatedOnToolsVersion = 12.0;
					};
					5106639B24E71BF400EF52CF = {
						CreatedOnToolsVersion = 12.0;
					};
				};
			};
			buildConfigurationList = 5106638B24E71BEF00EF52CF /* Build configuration list for PBXProject "Editing List View" */;
			compatibilityVersion = "Xcode 9.3";
			developmentRegion = en;
			hasScannedForEncodings = 0;
			knownRegions = (
				en,
				Base,
			);
			mainGroup = 5106638724E71BEF00EF52CF;
			productRefGroup = 5106639524E71BF400EF52CF /* Products */;
			projectDirPath = "";
			projectRoot = "";
			targets = (
				5106639324E71BF400EF52CF /* Editing List View (iOS) */,
				5106639B24E71BF400EF52CF /* Editing List View (macOS) */,
			);
		};
/* End PBXProject section */

/* Begin PBXResourcesBuildPhase section */
		5106639224E71BF400EF52CF /* Resources */ = {
			isa = PBXResourcesBuildPhase;
			buildActionMask = 2147483647;
			files = (
				510663A424E71BF400EF52CF /* Assets.xcassets in Resources */,
			);
			runOnlyForDeploymentPostprocessing = 0;
		};
		5106639A24E71BF400EF52CF /* Resources */ = {
			isa = PBXResourcesBuildPhase;
			buildActionMask = 2147483647;
			files = (
				510663A524E71BF400EF52CF /* Assets.xcassets in Resources */,
			);
			runOnlyForDeploymentPostprocessing = 0;
		};
/* End PBXResourcesBuildPhase section */

/* Begin PBXSourcesBuildPhase section */
		5106639024E71BF400EF52CF /* Sources */ = {
			isa = PBXSourcesBuildPhase;
			buildActionMask = 2147483647;
			files = (
				51341D9724E830780088AB83 /* FlagAndCountry.swift in Sources */,
				51341D9A24E8313C0088AB83 /* EditMultipleRowView.swift in Sources */,
				510663A224E71BF400EF52CF /* ContentView.swift in Sources */,
				510663A024E71BF400EF52CF /* Editing_List_ViewApp.swift in Sources */,
				510663AF24E71C0D00EF52CF /* EditSingleRowView.swift in Sources */,
				51341D9D24E88EC20088AB83 /* EditWithForEachView.swift in Sources */,
			);
			runOnlyForDeploymentPostprocessing = 0;
		};
		5106639824E71BF400EF52CF /* Sources */ = {
			isa = PBXSourcesBuildPhase;
			buildActionMask = 2147483647;
			files = (
				51341D9824E830780088AB83 /* FlagAndCountry.swift in Sources */,
				51341D9B24E8313C0088AB83 /* EditMultipleRowView.swift in Sources */,
				510663A324E71BF400EF52CF /* ContentView.swift in Sources */,
				510663A124E71BF400EF52CF /* Editing_List_ViewApp.swift in Sources */,
				510663B024E71C0D00EF52CF /* EditSingleRowView.swift in Sources */,
				51341D9E24E88EC20088AB83 /* EditWithForEachView.swift in Sources */,
			);
			runOnlyForDeploymentPostprocessing = 0;
		};
/* End PBXSourcesBuildPhase section */

/* Begin XCBuildConfiguration section */
		510663A624E71BF400EF52CF /* Debug */ = {
			isa = XCBuildConfiguration;
			buildSettings = {
				ALWAYS_SEARCH_USER_PATHS = NO;
				CLANG_ANALYZER_NONNULL = YES;
				CLANG_ANALYZER_NUMBER_OBJECT_CONVERSION = YES_AGGRESSIVE;
				CLANG_CXX_LANGUAGE_STANDARD = "gnu++14";
				CLANG_CXX_LIBRARY = "libc++";
				CLANG_ENABLE_MODULES = YES;
				CLANG_ENABLE_OBJC_ARC = YES;
				CLANG_ENABLE_OBJC_WEAK = YES;
				CLANG_WARN_BLOCK_CAPTURE_AUTORELEASING = YES;
				CLANG_WARN_BOOL_CONVERSION = YES;
				CLANG_WARN_COMMA = YES;
				CLANG_WARN_CONSTANT_CONVERSION = YES;
				CLANG_WARN_DEPRECATED_OBJC_IMPLEMENTATIONS = YES;
				CLANG_WARN_DIRECT_OBJC_ISA_USAGE = YES_ERROR;
				CLANG_WARN_DOCUMENTATION_COMMENTS = YES;
				CLANG_WARN_EMPTY_BODY = YES;
				CLANG_WARN_ENUM_CONVERSION = YES;
				CLANG_WARN_INFINITE_RECURSION = YES;
				CLANG_WARN_INT_CONVERSION = YES;
				CLANG_WARN_NON_LITERAL_NULL_CONVERSION = YES;
				CLANG_WARN_OBJC_IMPLICIT_RETAIN_SELF = YES;
				CLANG_WARN_OBJC_LITERAL_CONVERSION = YES;
				CLANG_WARN_OBJC_ROOT_CLASS = YES_ERROR;
				CLANG_WARN_QUOTED_INCLUDE_IN_FRAMEWORK_HEADER = YES;
				CLANG_WARN_RANGE_LOOP_ANALYSIS = YES;
				CLANG_WARN_STRICT_PROTOTYPES = YES;
				CLANG_WARN_SUSPICIOUS_MOVE = YES;
				CLANG_WARN_UNGUARDED_AVAILABILITY = YES_AGGRESSIVE;
				CLANG_WARN_UNREACHABLE_CODE = YES;
				CLANG_WARN__DUPLICATE_METHOD_MATCH = YES;
				COPY_PHASE_STRIP = NO;
				DEBUG_INFORMATION_FORMAT = dwarf;
				ENABLE_STRICT_OBJC_MSGSEND = YES;
				ENABLE_TESTABILITY = YES;
				GCC_C_LANGUAGE_STANDARD = gnu11;
				GCC_DYNAMIC_NO_PIC = NO;
				GCC_NO_COMMON_BLOCKS = YES;
				GCC_OPTIMIZATION_LEVEL = 0;
				GCC_PREPROCESSOR_DEFINITIONS = (
					"DEBUG=1",
					"$(inherited)",
				);
				GCC_WARN_64_TO_32_BIT_CONVERSION = YES;
				GCC_WARN_ABOUT_RETURN_TYPE = YES_ERROR;
				GCC_WARN_UNDECLARED_SELECTOR = YES;
				GCC_WARN_UNINITIALIZED_AUTOS = YES_AGGRESSIVE;
				GCC_WARN_UNUSED_FUNCTION = YES;
				GCC_WARN_UNUSED_VARIABLE = YES;
				MTL_ENABLE_DEBUG_INFO = INCLUDE_SOURCE;
				MTL_FAST_MATH = YES;
				ONLY_ACTIVE_ARCH = YES;
				SWIFT_ACTIVE_COMPILATION_CONDITIONS = DEBUG;
				SWIFT_OPTIMIZATION_LEVEL = "-Onone";
			};
			name = Debug;
		};
		510663A724E71BF400EF52CF /* Release */ = {
			isa = XCBuildConfiguration;
			buildSettings = {
				ALWAYS_SEARCH_USER_PATHS = NO;
				CLANG_ANALYZER_NONNULL = YES;
				CLANG_ANALYZER_NUMBER_OBJECT_CONVERSION = YES_AGGRESSIVE;
				CLANG_CXX_LANGUAGE_STANDARD = "gnu++14";
				CLANG_CXX_LIBRARY = "libc++";
				CLANG_ENABLE_MODULES = YES;
				CLANG_ENABLE_OBJC_ARC = YES;
				CLANG_ENABLE_OBJC_WEAK = YES;
				CLANG_WARN_BLOCK_CAPTURE_AUTORELEASING = YES;
				CLANG_WARN_BOOL_CONVERSION = YES;
				CLANG_WARN_COMMA = YES;
				CLANG_WARN_CONSTANT_CONVERSION = YES;
				CLANG_WARN_DEPRECATED_OBJC_IMPLEMENTATIONS = YES;
				CLANG_WARN_DIRECT_OBJC_ISA_USAGE = YES_ERROR;
				CLANG_WARN_DOCUMENTATION_COMMENTS = YES;
				CLANG_WARN_EMPTY_BODY = YES;
				CLANG_WARN_ENUM_CONVERSION = YES;
				CLANG_WARN_INFINITE_RECURSION = YES;
				CLANG_WARN_INT_CONVERSION = YES;
				CLANG_WARN_NON_LITERAL_NULL_CONVERSION = YES;
				CLANG_WARN_OBJC_IMPLICIT_RETAIN_SELF = YES;
				CLANG_WARN_OBJC_LITERAL_CONVERSION = YES;
				CLANG_WARN_OBJC_ROOT_CLASS = YES_ERROR;
				CLANG_WARN_QUOTED_INCLUDE_IN_FRAMEWORK_HEADER = YES;
				CLANG_WARN_RANGE_LOOP_ANALYSIS = YES;
				CLANG_WARN_STRICT_PROTOTYPES = YES;
				CLANG_WARN_SUSPICIOUS_MOVE = YES;
				CLANG_WARN_UNGUARDED_AVAILABILITY = YES_AGGRESSIVE;
				CLANG_WARN_UNREACHABLE_CODE = YES;
				CLANG_WARN__DUPLICATE_METHOD_MATCH = YES;
				COPY_PHASE_STRIP = NO;
				DEBUG_INFORMATION_FORMAT = "dwarf-with-dsym";
				ENABLE_NS_ASSERTIONS = NO;
				ENABLE_STRICT_OBJC_MSGSEND = YES;
				GCC_C_LANGUAGE_STANDARD = gnu11;
				GCC_NO_COMMON_BLOCKS = YES;
				GCC_WARN_64_TO_32_BIT_CONVERSION = YES;
				GCC_WARN_ABOUT_RETURN_TYPE = YES_ERROR;
				GCC_WARN_UNDECLARED_SELECTOR = YES;
				GCC_WARN_UNINITIALIZED_AUTOS = YES_AGGRESSIVE;
				GCC_WARN_UNUSED_FUNCTION = YES;
				GCC_WARN_UNUSED_VARIABLE = YES;
				MTL_ENABLE_DEBUG_INFO = NO;
				MTL_FAST_MATH = YES;
				SWIFT_COMPILATION_MODE = wholemodule;
				SWIFT_OPTIMIZATION_LEVEL = "-O";
			};
			name = Release;
		};
		510663A924E71BF400EF52CF /* Debug */ = {
			isa = XCBuildConfiguration;
			buildSettings = {
				ASSETCATALOG_COMPILER_APPICON_NAME = AppIcon;
				ASSETCATALOG_COMPILER_GLOBAL_ACCENT_COLOR_NAME = AccentColor;
				CODE_SIGN_STYLE = Automatic;
				DEVELOPMENT_TEAM = R77BD8MPA8;
				ENABLE_PREVIEWS = YES;
				INFOPLIST_FILE = iOS/Info.plist;
				IPHONEOS_DEPLOYMENT_TARGET = 14.0;
				LD_RUNPATH_SEARCH_PATHS = (
					"$(inherited)",
					"@executable_path/Frameworks",
				);
				PRODUCT_BUNDLE_IDENTIFIER = "com.mazharul.huq.Editing-List-View";
				PRODUCT_NAME = "Editing List View";
				SDKROOT = iphoneos;
				SWIFT_VERSION = 5.0;
				TARGETED_DEVICE_FAMILY = "1,2";
			};
			name = Debug;
		};
		510663AA24E71BF400EF52CF /* Release */ = {
			isa = XCBuildConfiguration;
			buildSettings = {
				ASSETCATALOG_COMPILER_APPICON_NAME = AppIcon;
				ASSETCATALOG_COMPILER_GLOBAL_ACCENT_COLOR_NAME = AccentColor;
				CODE_SIGN_STYLE = Automatic;
				DEVELOPMENT_TEAM = R77BD8MPA8;
				ENABLE_PREVIEWS = YES;
				INFOPLIST_FILE = iOS/Info.plist;
				IPHONEOS_DEPLOYMENT_TARGET = 14.0;
				LD_RUNPATH_SEARCH_PATHS = (
					"$(inherited)",
					"@executable_path/Frameworks",
				);
				PRODUCT_BUNDLE_IDENTIFIER = "com.mazharul.huq.Editing-List-View";
				PRODUCT_NAME = "Editing List View";
				SDKROOT = iphoneos;
				SWIFT_VERSION = 5.0;
				TARGETED_DEVICE_FAMILY = "1,2";
				VALIDATE_PRODUCT = YES;
			};
			name = Release;
		};
		510663AC24E71BF400EF52CF /* Debug */ = {
			isa = XCBuildConfiguration;
			buildSettings = {
				ASSETCATALOG_COMPILER_APPICON_NAME = AppIcon;
				ASSETCATALOG_COMPILER_GLOBAL_ACCENT_COLOR_NAME = AccentColor;
				CODE_SIGN_ENTITLEMENTS = macOS/macOS.entitlements;
				CODE_SIGN_STYLE = Automatic;
				COMBINE_HIDPI_IMAGES = YES;
				DEVELOPMENT_TEAM = R77BD8MPA8;
				ENABLE_HARDENED_RUNTIME = YES;
				ENABLE_PREVIEWS = YES;
				INFOPLIST_FILE = macOS/Info.plist;
				LD_RUNPATH_SEARCH_PATHS = (
					"$(inherited)",
					"@executable_path/../Frameworks",
				);
				MACOSX_DEPLOYMENT_TARGET = 11.0;
				PRODUCT_BUNDLE_IDENTIFIER = "com.mazharul.huq.Editing-List-View";
				PRODUCT_NAME = "Editing List View";
				SDKROOT = macosx;
				SWIFT_VERSION = 5.0;
			};
			name = Debug;
		};
		510663AD24E71BF400EF52CF /* Release */ = {
			isa = XCBuildConfiguration;
			buildSettings = {
				ASSETCATALOG_COMPILER_APPICON_NAME = AppIcon;
				ASSETCATALOG_COMPILER_GLOBAL_ACCENT_COLOR_NAME = AccentColor;
				CODE_SIGN_ENTITLEMENTS = macOS/macOS.entitlements;
				CODE_SIGN_STYLE = Automatic;
				COMBINE_HIDPI_IMAGES = YES;
				DEVELOPMENT_TEAM = R77BD8MPA8;
				ENABLE_HARDENED_RUNTIME = YES;
				ENABLE_PREVIEWS = YES;
				INFOPLIST_FILE = macOS/Info.plist;
				LD_RUNPATH_SEARCH_PATHS = (
					"$(inherited)",
					"@executable_path/../Frameworks",
				);
				MACOSX_DEPLOYMENT_TARGET = 11.0;
				PRODUCT_BUNDLE_IDENTIFIER = "com.mazharul.huq.Editing-List-View";
				PRODUCT_NAME = "Editing List View";
				SDKROOT = macosx;
				SWIFT_VERSION = 5.0;
			};
			name = Release;
		};
/* End XCBuildConfiguration section */

/* Begin XCConfigurationList section */
		5106638B24E71BEF00EF52CF /* Build configuration list for PBXProject "Editing List View" */ = {
			isa = XCConfigurationList;
			buildConfigurations = (
				510663A624E71BF400EF52CF /* Debug */,
				510663A724E71BF400EF52CF /* Release */,
			);
			defaultConfigurationIsVisible = 0;
			defaultConfigurationName = Release;
		};
		510663A824E71BF400EF52CF /* Build configuration list for PBXNativeTarget "Editing List View (iOS)" */ = {
			isa = XCConfigurationList;
			buildConfigurations = (
				510663A924E71BF400EF52CF /* Debug */,
				510663AA24E71BF400EF52CF /* Release */,
			);
			defaultConfigurationIsVisible = 0;
			defaultConfigurationName = Release;
		};
		510663AB24E71BF400EF52CF /* Build configuration list for PBXNativeTarget "Editing List View (macOS)" */ = {
			isa = XCConfigurationList;
			buildConfigurations = (
				510663AC24E71BF400EF52CF /* Debug */,
				510663AD24E71BF400EF52CF /* Release */,
			);
			defaultConfigurationIsVisible = 0;
			defaultConfigurationName = Release;
		};
/* End XCConfigurationList section */
	};
	rootObject = 5106638824E71BEF00EF52CF /* Project object */;
}
