// !$*UTF8*$!
{
	archiveVersion = 1;
	classes = {
	};
	objectVersion = 50;
	objects = {

/* Begin PBXBuildFile section */
		512ACB2B24E96C86003951A3 /* List_with_Sections_ExamplesApp.swift in Sources */ = {isa = PBXBuildFile; fileRef = 512ACB1824E96C83003951A3 /* List_with_Sections_ExamplesApp.swift */; };
		512ACB2C24E96C86003951A3 /* List_with_Sections_ExamplesApp.swift in Sources */ = {isa = PBXBuildFile; fileRef = 512ACB1824E96C83003951A3 /* List_with_Sections_ExamplesApp.swift */; };
		512ACB2D24E96C86003951A3 /* ContentView.swift in Sources */ = {isa = PBXBuildFile; fileRef = 512ACB1924E96C83003951A3 /* ContentView.swift */; };
		512ACB2E24E96C86003951A3 /* ContentView.swift in Sources */ = {isa = PBXBuildFile; fileRef = 512ACB1924E96C83003951A3 /* ContentView.swift */; };
		512ACB2F24E96C86003951A3 /* Assets.xcassets in Resources */ = {isa = PBXBuildFile; fileRef = 512ACB1A24E96C86003951A3 /* Assets.xcassets */; };
		512ACB3024E96C86003951A3 /* Assets.xcassets in Resources */ = {isa = PBXBuildFile; fileRef = 512ACB1A24E96C86003951A3 /* Assets.xcassets */; };
		512ACB3A24E97224003951A3 /* SimpleSectionView.swift in Sources */ = {isa = PBXBuildFile; fileRef = 512ACB3924E97224003951A3 /* SimpleSectionView.swift */; };
		512ACB3B24E97224003951A3 /* SimpleSectionView.swift in Sources */ = {isa = PBXBuildFile; fileRef = 512ACB3924E97224003951A3 /* SimpleSectionView.swift */; };
		519ECE1824EA140500B6D13C /* CountryData.swift in Sources */ = {isa = PBXBuildFile; fileRef = 519ECE1724EA140500B6D13C /* CountryData.swift */; };
		519ECE1924EA140500B6D13C /* CountryData.swift in Sources */ = {isa = PBXBuildFile; fileRef = 519ECE1724EA140500B6D13C /* CountryData.swift */; };
		519ECE1B24EA1D6F00B6D13C /* CountryInfo.swift in Sources */ = {isa = PBXBuildFile; fileRef = 519ECE1A24EA1D6F00B6D13C /* CountryInfo.swift */; };
		519ECE1C24EA1D6F00B6D13C /* CountryInfo.swift in Sources */ = {isa = PBXBuildFile; fileRef = 519ECE1A24EA1D6F00B6D13C /* CountryInfo.swift */; };
		519ECE1E24EA219600B6D13C /* GroupedStyleView.swift in Sources */ = {isa = PBXBuildFile; fileRef = 519ECE1D24EA219600B6D13C /* GroupedStyleView.swift */; };
		519ECE1F24EA219600B6D13C /* GroupedStyleView.swift in Sources */ = {isa = PBXBuildFile; fileRef = 519ECE1D24EA219600B6D13C /* GroupedStyleView.swift */; };
/* End PBXBuildFile section */

/* Begin PBXFileReference section */
		512ACB1824E96C83003951A3 /* List_with_Sections_ExamplesApp.swift */ = {isa = PBXFileReference; lastKnownFileType = sourcecode.swift; path = List_with_Sections_ExamplesApp.swift; sourceTree = "<group>"; };
		512ACB1924E96C83003951A3 /* ContentView.swift */ = {isa = PBXFileReference; lastKnownFileType = sourcecode.swift; path = ContentView.swift; sourceTree = "<group>"; };
		512ACB1A24E96C86003951A3 /* Assets.xcassets */ = {isa = PBXFileReference; lastKnownFileType = folder.assetcatalog; path = Assets.xcassets; sourceTree = "<group>"; };
		512ACB1F24E96C86003951A3 /* List with Sections Examples.app */ = {isa = PBXFileReference; explicitFileType = wrapper.application; includeInIndex = 0; path = "List with Sections Examples.app"; sourceTree = BUILT_PRODUCTS_DIR; };
		512ACB2224E96C86003951A3 /* Info.plist */ = {isa = PBXFileReference; lastKnownFileType = text.plist.xml; path = Info.plist; sourceTree = "<group>"; };
		512ACB2724E96C86003951A3 /* List with Sections Examples.app */ = {isa = PBXFileReference; explicitFileType = wrapper.application; includeInIndex = 0; path = "List with Sections Examples.app"; sourceTree = BUILT_PRODUCTS_DIR; };
		512ACB2924E96C86003951A3 /* Info.plist */ = {isa = PBXFileReference; lastKnownFileType = text.plist.xml; path = Info.plist; sourceTree = "<group>"; };
		512ACB2A24E96C86003951A3 /* macOS.entitlements */ = {isa = PBXFileReference; lastKnownFileType = text.plist.entitlements; path = macOS.entitlements; sourceTree = "<group>"; };
		512ACB3924E97224003951A3 /* SimpleSectionView.swift */ = {isa = PBXFileReference; lastKnownFileType = sourcecode.swift; path = SimpleSectionView.swift; sourceTree = "<group>"; };
		519ECE1724EA140500B6D13C /* CountryData.swift */ = {isa = PBXFileReference; lastKnownFileType = sourcecode.swift; path = CountryData.swift; sourceTree = "<group>"; };
		519ECE1A24EA1D6F00B6D13C /* CountryInfo.swift */ = {isa = PBXFileReference; lastKnownFileType = sourcecode.swift; path = CountryInfo.swift; sourceTree = "<group>"; };
		519ECE1D24EA219600B6D13C /* GroupedStyleView.swift */ = {isa = PBXFileReference; lastKnownFileType = sourcecode.swift; path = GroupedStyleView.swift; sourceTree = "<group>"; };
/* End PBXFileReference section */

/* Begin PBXFrameworksBuildPhase section */
		512ACB1C24E96C86003951A3 /* Frameworks */ = {
			isa = PBXFrameworksBuildPhase;
			buildActionMask = 2147483647;
			files = (
			);
			runOnlyForDeploymentPostprocessing = 0;
		};
		512ACB2424E96C86003951A3 /* Frameworks */ = {
			isa = PBXFrameworksBuildPhase;
			buildActionMask = 2147483647;
			files = (
			);
			runOnlyForDeploymentPostprocessing = 0;
		};
/* End PBXFrameworksBuildPhase section */

/* Begin PBXGroup section */
		512ACB1224E96C83003951A3 = {
			isa = PBXGroup;
			children = (
				512ACB1724E96C83003951A3 /* Shared */,
				512ACB2124E96C86003951A3 /* iOS */,
				512ACB2824E96C86003951A3 /* macOS */,
				512ACB2024E96C86003951A3 /* Products */,
			);
			sourceTree = "<group>";
		};
		512ACB1724E96C83003951A3 /* Shared */ = {
			isa = PBXGroup;
			children = (
				512ACB1824E96C83003951A3 /* List_with_Sections_ExamplesApp.swift */,
				512ACB1924E96C83003951A3 /* ContentView.swift */,
				512ACB3924E97224003951A3 /* SimpleSectionView.swift */,
				519ECE1D24EA219600B6D13C /* GroupedStyleView.swift */,
				519ECE1A24EA1D6F00B6D13C /* CountryInfo.swift */,
				519ECE1724EA140500B6D13C /* CountryData.swift */,
				512ACB1A24E96C86003951A3 /* Assets.xcassets */,
			);
			path = Shared;
			sourceTree = "<group>";
		};
		512ACB2024E96C86003951A3 /* Products */ = {
			isa = PBXGroup;
			children = (
				512ACB1F24E96C86003951A3 /* List with Sections Examples.app */,
				512ACB2724E96C86003951A3 /* List with Sections Examples.app */,
			);
			name = Products;
			sourceTree = "<group>";
		};
		512ACB2124E96C86003951A3 /* iOS */ = {
			isa = PBXGroup;
			children = (
				512ACB2224E96C86003951A3 /* Info.plist */,
			);
			path = iOS;
			sourceTree = "<group>";
		};
		512ACB2824E96C86003951A3 /* macOS */ = {
			isa = PBXGroup;
			children = (
				512ACB2924E96C86003951A3 /* Info.plist */,
				512ACB2A24E96C86003951A3 /* macOS.entitlements */,
			);
			path = macOS;
			sourceTree = "<group>";
		};
/* End PBXGroup section */

/* Begin PBXNativeTarget section */
		512ACB1E24E96C86003951A3 /* List with Sections Examples (iOS) */ = {
			isa = PBXNativeTarget;
			buildConfigurationList = 512ACB3324E96C86003951A3 /* Build configuration list for PBXNativeTarget "List with Sections Examples (iOS)" */;
			buildPhases = (
				512ACB1B24E96C86003951A3 /* Sources */,
				512ACB1C24E96C86003951A3 /* Frameworks */,
				512ACB1D24E96C86003951A3 /* Resources */,
			);
			buildRules = (
			);
			dependencies = (
			);
			name = "List with Sections Examples (iOS)";
			productName = "List with Sections Examples (iOS)";
			productReference = 512ACB1F24E96C86003951A3 /* List with Sections Examples.app */;
			productType = "com.apple.product-type.application";
		};
		512ACB2624E96C86003951A3 /* List with Sections Examples (macOS) */ = {
			isa = PBXNativeTarget;
			buildConfigurationList = 512ACB3624E96C86003951A3 /* Build configuration list for PBXNativeTarget "List with Sections Examples (macOS)" */;
			buildPhases = (
				512ACB2324E96C86003951A3 /* Sources */,
				512ACB2424E96C86003951A3 /* Frameworks */,
				512ACB2524E96C86003951A3 /* Resources */,
			);
			buildRules = (
			);
			dependencies = (
			);
			name = "List with Sections Examples (macOS)";
			productName = "List with Sections Examples (macOS)";
			productReference = 512ACB2724E96C86003951A3 /* List with Sections Examples.app */;
			productType = "com.apple.product-type.application";
		};
/* End PBXNativeTarget section */

/* Begin PBXProject section */
		512ACB1324E96C83003951A3 /* Project object */ = {
			isa = PBXProject;
			attributes = {
				LastSwiftUpdateCheck = 1200;
				LastUpgradeCheck = 1200;
				TargetAttributes = {
					512ACB1E24E96C86003951A3 = {
						CreatedOnToolsVersion = 12.0;
					};
					512ACB2624E96C86003951A3 = {
						CreatedOnToolsVersion = 12.0;
					};
				};
			};
			buildConfigurationList = 512ACB1624E96C83003951A3 /* Build configuration list for PBXProject "List with Sections Examples" */;
			compatibilityVersion = "Xcode 9.3";
			developmentRegion = en;
			hasScannedForEncodings = 0;
			knownRegions = (
				en,
				Base,
			);
			mainGroup = 512ACB1224E96C83003951A3;
			productRefGroup = 512ACB2024E96C86003951A3 /* Products */;
			projectDirPath = "";
			projectRoot = "";
			targets = (
				512ACB1E24E96C86003951A3 /* List with Sections Examples (iOS) */,
				512ACB2624E96C86003951A3 /* List with Sections Examples (macOS) */,
			);
		};
/* End PBXProject section */

/* Begin PBXResourcesBuildPhase section */
		512ACB1D24E96C86003951A3 /* Resources */ = {
			isa = PBXResourcesBuildPhase;
			buildActionMask = 2147483647;
			files = (
				512ACB2F24E96C86003951A3 /* Assets.xcassets in Resources */,
			);
			runOnlyForDeploymentPostprocessing = 0;
		};
		512ACB2524E96C86003951A3 /* Resources */ = {
			isa = PBXResourcesBuildPhase;
			buildActionMask = 2147483647;
			files = (
				512ACB3024E96C86003951A3 /* Assets.xcassets in Resources */,
			);
			runOnlyForDeploymentPostprocessing = 0;
		};
/* End PBXResourcesBuildPhase section */

/* Begin PBXSourcesBuildPhase section */
		512ACB1B24E96C86003951A3 /* Sources */ = {
			isa = PBXSourcesBuildPhase;
			buildActionMask = 2147483647;
			files = (
				512ACB3A24E97224003951A3 /* SimpleSectionView.swift in Sources */,
				519ECE1E24EA219600B6D13C /* GroupedStyleView.swift in Sources */,
				512ACB2D24E96C86003951A3 /* ContentView.swift in Sources */,
				519ECE1824EA140500B6D13C /* CountryData.swift in Sources */,
				519ECE1B24EA1D6F00B6D13C /* CountryInfo.swift in Sources */,
				512ACB2B24E96C86003951A3 /* List_with_Sections_ExamplesApp.swift in Sources */,
			);
			runOnlyForDeploymentPostprocessing = 0;
		};
		512ACB2324E96C86003951A3 /* Sources */ = {
			isa = PBXSourcesBuildPhase;
			buildActionMask = 2147483647;
			files = (
				512ACB3B24E97224003951A3 /* SimpleSectionView.swift in Sources */,
				519ECE1F24EA219600B6D13C /* GroupedStyleView.swift in Sources */,
				512ACB2E24E96C86003951A3 /* ContentView.swift in Sources */,
				519ECE1924EA140500B6D13C /* CountryData.swift in Sources */,
				519ECE1C24EA1D6F00B6D13C /* CountryInfo.swift in Sources */,
				512ACB2C24E96C86003951A3 /* List_with_Sections_ExamplesApp.swift in Sources */,
			);
			runOnlyForDeploymentPostprocessing = 0;
		};
/* End PBXSourcesBuildPhase section */

/* Begin XCBuildConfiguration section */
		512ACB3124E96C86003951A3 /* Debug */ = {
			isa = XCBuildConfiguration;
			buildSettings = {
				ALWAYS_SEARCH_USER_PATHS = NO;
				CLANG_ANALYZER_NONNULL = YES;
				CLANG_ANALYZER_NUMBER_OBJECT_CONVERSION = YES_AGGRESSIVE;
				CLANG_CXX_LANGUAGE_STANDARD = "gnu++14";
				CLANG_CXX_LIBRARY = "libc++";
				CLANG_ENABLE_MODULES = YES;
				CLANG_ENABLE_OBJC_ARC = YES;
				CLANG_ENABLE_OBJC_WEAK = YES;
				CLANG_WARN_BLOCK_CAPTURE_AUTORELEASING = YES;
				CLANG_WARN_BOOL_CONVERSION = YES;
				CLANG_WARN_COMMA = YES;
				CLANG_WARN_CONSTANT_CONVERSION = YES;
				CLANG_WARN_DEPRECATED_OBJC_IMPLEMENTATIONS = YES;
				CLANG_WARN_DIRECT_OBJC_ISA_USAGE = YES_ERROR;
				CLANG_WARN_DOCUMENTATION_COMMENTS = YES;
				CLANG_WARN_EMPTY_BODY = YES;
				CLANG_WARN_ENUM_CONVERSION = YES;
				CLANG_WARN_INFINITE_RECURSION = YES;
				CLANG_WARN_INT_CONVERSION = YES;
				CLANG_WARN_NON_LITERAL_NULL_CONVERSION = YES;
				CLANG_WARN_OBJC_IMPLICIT_RETAIN_SELF = YES;
				CLANG_WARN_OBJC_LITERAL_CONVERSION = YES;
				CLANG_WARN_OBJC_ROOT_CLASS = YES_ERROR;
				CLANG_WARN_QUOTED_INCLUDE_IN_FRAMEWORK_HEADER = YES;
				CLANG_WARN_RANGE_LOOP_ANALYSIS = YES;
				CLANG_WARN_STRICT_PROTOTYPES = YES;
				CLANG_WARN_SUSPICIOUS_MOVE = YES;
				CLANG_WARN_UNGUARDED_AVAILABILITY = YES_AGGRESSIVE;
				CLANG_WARN_UNREACHABLE_CODE = YES;
				CLANG_WARN__DUPLICATE_METHOD_MATCH = YES;
				COPY_PHASE_STRIP = NO;
				DEBUG_INFORMATION_FORMAT = dwarf;
				ENABLE_STRICT_OBJC_MSGSEND = YES;
				ENABLE_TESTABILITY = YES;
				GCC_C_LANGUAGE_STANDARD = gnu11;
				GCC_DYNAMIC_NO_PIC = NO;
				GCC_NO_COMMON_BLOCKS = YES;
				GCC_OPTIMIZATION_LEVEL = 0;
				GCC_PREPROCESSOR_DEFINITIONS = (
					"DEBUG=1",
					"$(inherited)",
				);
				GCC_WARN_64_TO_32_BIT_CONVERSION = YES;
				GCC_WARN_ABOUT_RETURN_TYPE = YES_ERROR;
				GCC_WARN_UNDECLARED_SELECTOR = YES;
				GCC_WARN_UNINITIALIZED_AUTOS = YES_AGGRESSIVE;
				GCC_WARN_UNUSED_FUNCTION = YES;
				GCC_WARN_UNUSED_VARIABLE = YES;
				MTL_ENABLE_DEBUG_INFO = INCLUDE_SOURCE;
				MTL_FAST_MATH = YES;
				ONLY_ACTIVE_ARCH = YES;
				SWIFT_ACTIVE_COMPILATION_CONDITIONS = DEBUG;
				SWIFT_OPTIMIZATION_LEVEL = "-Onone";
			};
			name = Debug;
		};
		512ACB3224E96C86003951A3 /* Release */ = {
			isa = XCBuildConfiguration;
			buildSettings = {
				ALWAYS_SEARCH_USER_PATHS = NO;
				CLANG_ANALYZER_NONNULL = YES;
				CLANG_ANALYZER_NUMBER_OBJECT_CONVERSION = YES_AGGRESSIVE;
				CLANG_CXX_LANGUAGE_STANDARD = "gnu++14";
				CLANG_CXX_LIBRARY = "libc++";
				CLANG_ENABLE_MODULES = YES;
				CLANG_ENABLE_OBJC_ARC = YES;
				CLANG_ENABLE_OBJC_WEAK = YES;
				CLANG_WARN_BLOCK_CAPTURE_AUTORELEASING = YES;
				CLANG_WARN_BOOL_CONVERSION = YES;
				CLANG_WARN_COMMA = YES;
				CLANG_WARN_CONSTANT_CONVERSION = YES;
				CLANG_WARN_DEPRECATED_OBJC_IMPLEMENTATIONS = YES;
				CLANG_WARN_DIRECT_OBJC_ISA_USAGE = YES_ERROR;
				CLANG_WARN_DOCUMENTATION_COMMENTS = YES;
				CLANG_WARN_EMPTY_BODY = YES;
				CLANG_WARN_ENUM_CONVERSION = YES;
				CLANG_WARN_INFINITE_RECURSION = YES;
				CLANG_WARN_INT_CONVERSION = YES;
				CLANG_WARN_NON_LITERAL_NULL_CONVERSION = YES;
				CLANG_WARN_OBJC_IMPLICIT_RETAIN_SELF = YES;
				CLANG_WARN_OBJC_LITERAL_CONVERSION = YES;
				CLANG_WARN_OBJC_ROOT_CLASS = YES_ERROR;
				CLANG_WARN_QUOTED_INCLUDE_IN_FRAMEWORK_HEADER = YES;
				CLANG_WARN_RANGE_LOOP_ANALYSIS = YES;
				CLANG_WARN_STRICT_PROTOTYPES = YES;
				CLANG_WARN_SUSPICIOUS_MOVE = YES;
				CLANG_WARN_UNGUARDED_AVAILABILITY = YES_AGGRESSIVE;
				CLANG_WARN_UNREACHABLE_CODE = YES;
				CLANG_WARN__DUPLICATE_METHOD_MATCH = YES;
				COPY_PHASE_STRIP = NO;
				DEBUG_INFORMATION_FORMAT = "dwarf-with-dsym";
				ENABLE_NS_ASSERTIONS = NO;
				ENABLE_STRICT_OBJC_MSGSEND = YES;
				GCC_C_LANGUAGE_STANDARD = gnu11;
				GCC_NO_COMMON_BLOCKS = YES;
				GCC_WARN_64_TO_32_BIT_CONVERSION = YES;
				GCC_WARN_ABOUT_RETURN_TYPE = YES_ERROR;
				GCC_WARN_UNDECLARED_SELECTOR = YES;
				GCC_WARN_UNINITIALIZED_AUTOS = YES_AGGRESSIVE;
				GCC_WARN_UNUSED_FUNCTION = YES;
				GCC_WARN_UNUSED_VARIABLE = YES;
				MTL_ENABLE_DEBUG_INFO = NO;
				MTL_FAST_MATH = YES;
				SWIFT_COMPILATION_MODE = wholemodule;
				SWIFT_OPTIMIZATION_LEVEL = "-O";
			};
			name = Release;
		};
		512ACB3424E96C86003951A3 /* Debug */ = {
			isa = XCBuildConfiguration;
			buildSettings = {
				ASSETCATALOG_COMPILER_APPICON_NAME = AppIcon;
				ASSETCATALOG_COMPILER_GLOBAL_ACCENT_COLOR_NAME = AccentColor;
				CODE_SIGN_STYLE = Automatic;
				DEVELOPMENT_TEAM = R77BD8MPA8;
				ENABLE_PREVIEWS = YES;
				INFOPLIST_FILE = iOS/Info.plist;
				IPHONEOS_DEPLOYMENT_TARGET = 14.0;
				LD_RUNPATH_SEARCH_PATHS = (
					"$(inherited)",
					"@executable_path/Frameworks",
				);
				PRODUCT_BUNDLE_IDENTIFIER = "com.mazharul.huq.List-with-Sections-Examples";
				PRODUCT_NAME = "List with Sections Examples";
				SDKROOT = iphoneos;
				SWIFT_VERSION = 5.0;
				TARGETED_DEVICE_FAMILY = "1,2";
			};
			name = Debug;
		};
		512ACB3524E96C86003951A3 /* Release */ = {
			isa = XCBuildConfiguration;
			buildSettings = {
				ASSETCATALOG_COMPILER_APPICON_NAME = AppIcon;
				ASSETCATALOG_COMPILER_GLOBAL_ACCENT_COLOR_NAME = AccentColor;
				CODE_SIGN_STYLE = Automatic;
				DEVELOPMENT_TEAM = R77BD8MPA8;
				ENABLE_PREVIEWS = YES;
				INFOPLIST_FILE = iOS/Info.plist;
				IPHONEOS_DEPLOYMENT_TARGET = 14.0;
				LD_RUNPATH_SEARCH_PATHS = (
					"$(inherited)",
					"@executable_path/Frameworks",
				);
				PRODUCT_BUNDLE_IDENTIFIER = "com.mazharul.huq.List-with-Sections-Examples";
				PRODUCT_NAME = "List with Sections Examples";
				SDKROOT = iphoneos;
				SWIFT_VERSION = 5.0;
				TARGETED_DEVICE_FAMILY = "1,2";
				VALIDATE_PRODUCT = YES;
			};
			name = Release;
		};
		512ACB3724E96C86003951A3 /* Debug */ = {
			isa = XCBuildConfiguration;
			buildSettings = {
				ASSETCATALOG_COMPILER_APPICON_NAME = AppIcon;
				ASSETCATALOG_COMPILER_GLOBAL_ACCENT_COLOR_NAME = AccentColor;
				CODE_SIGN_ENTITLEMENTS = macOS/macOS.entitlements;
				CODE_SIGN_STYLE = Automatic;
				COMBINE_HIDPI_IMAGES = YES;
				DEVELOPMENT_TEAM = R77BD8MPA8;
				ENABLE_HARDENED_RUNTIME = YES;
				ENABLE_PREVIEWS = YES;
				INFOPLIST_FILE = macOS/Info.plist;
				LD_RUNPATH_SEARCH_PATHS = (
					"$(inherited)",
					"@executable_path/../Frameworks",
				);
				MACOSX_DEPLOYMENT_TARGET = 11.0;
				PRODUCT_BUNDLE_IDENTIFIER = "com.mazharul.huq.List-with-Sections-Examples";
				PRODUCT_NAME = "List with Sections Examples";
				SDKROOT = macosx;
				SWIFT_VERSION = 5.0;
			};
			name = Debug;
		};
		512ACB3824E96C86003951A3 /* Release */ = {
			isa = XCBuildConfiguration;
			buildSettings = {
				ASSETCATALOG_COMPILER_APPICON_NAME = AppIcon;
				ASSETCATALOG_COMPILER_GLOBAL_ACCENT_COLOR_NAME = AccentColor;
				CODE_SIGN_ENTITLEMENTS = macOS/macOS.entitlements;
				CODE_SIGN_STYLE = Automatic;
				COMBINE_HIDPI_IMAGES = YES;
				DEVELOPMENT_TEAM = R77BD8MPA8;
				ENABLE_HARDENED_RUNTIME = YES;
				ENABLE_PREVIEWS = YES;
				INFOPLIST_FILE = macOS/Info.plist;
				LD_RUNPATH_SEARCH_PATHS = (
					"$(inherited)",
					"@executable_path/../Frameworks",
				);
				MACOSX_DEPLOYMENT_TARGET = 11.0;
				PRODUCT_BUNDLE_IDENTIFIER = "com.mazharul.huq.List-with-Sections-Examples";
				PRODUCT_NAME = "List with Sections Examples";
				SDKROOT = macosx;
				SWIFT_VERSION = 5.0;
			};
			name = Release;
		};
/* End XCBuildConfiguration section */

/* Begin XCConfigurationList section */
		512ACB1624E96C83003951A3 /* Build configuration list for PBXProject "List with Sections Examples" */ = {
			isa = XCConfigurationList;
			buildConfigurations = (
				512ACB3124E96C86003951A3 /* Debug */,
				512ACB3224E96C86003951A3 /* Release */,
			);
			defaultConfigurationIsVisible = 0;
			defaultConfigurationName = Release;
		};
		512ACB3324E96C86003951A3 /* Build configuration list for PBXNativeTarget "List with Sections Examples (iOS)" */ = {
			isa = XCConfigurationList;
			buildConfigurations = (
				512ACB3424E96C86003951A3 /* Debug */,
				512ACB3524E96C86003951A3 /* Release */,
			);
			defaultConfigurationIsVisible = 0;
			defaultConfigurationName = Release;
		};
		512ACB3624E96C86003951A3 /* Build configuration list for PBXNativeTarget "List with Sections Examples (macOS)" */ = {
			isa = XCConfigurationList;
			buildConfigurations = (
				512ACB3724E96C86003951A3 /* Debug */,
				512ACB3824E96C86003951A3 /* Release */,
			);
			defaultConfigurationIsVisible = 0;
			defaultConfigurationName = Release;
		};
/* End XCConfigurationList section */
	};
	rootObject = 512ACB1324E96C83003951A3 /* Project object */;
}
