// !$*UTF8*$!
{
	archiveVersion = 1;
	classes = {
	};
	objectVersion = 50;
	objects = {

/* Begin PBXBuildFile section */
		5122FF6C24E560EC00E7CE68 /* ForEach_ExamplesApp.swift in Sources */ = {isa = PBXBuildFile; fileRef = 5122FF5924E560EA00E7CE68 /* ForEach_ExamplesApp.swift */; };
		5122FF6D24E560EC00E7CE68 /* ForEach_ExamplesApp.swift in Sources */ = {isa = PBXBuildFile; fileRef = 5122FF5924E560EA00E7CE68 /* ForEach_ExamplesApp.swift */; };
		5122FF6E24E560EC00E7CE68 /* ContentView.swift in Sources */ = {isa = PBXBuildFile; fileRef = 5122FF5A24E560EA00E7CE68 /* ContentView.swift */; };
		5122FF6F24E560EC00E7CE68 /* ContentView.swift in Sources */ = {isa = PBXBuildFile; fileRef = 5122FF5A24E560EA00E7CE68 /* ContentView.swift */; };
		5122FF7024E560EC00E7CE68 /* Assets.xcassets in Resources */ = {isa = PBXBuildFile; fileRef = 5122FF5B24E560EC00E7CE68 /* Assets.xcassets */; };
		5122FF7124E560EC00E7CE68 /* Assets.xcassets in Resources */ = {isa = PBXBuildFile; fileRef = 5122FF5B24E560EC00E7CE68 /* Assets.xcassets */; };
		5122FF7B24E5610E00E7CE68 /* ClosedRangeView.swift in Sources */ = {isa = PBXBuildFile; fileRef = 5122FF7A24E5610E00E7CE68 /* ClosedRangeView.swift */; };
		5122FF7C24E5610E00E7CE68 /* ClosedRangeView.swift in Sources */ = {isa = PBXBuildFile; fileRef = 5122FF7A24E5610E00E7CE68 /* ClosedRangeView.swift */; };
		5122FF7E24E574D900E7CE68 /* SimpleDataArrayView.swift in Sources */ = {isa = PBXBuildFile; fileRef = 5122FF7D24E574D900E7CE68 /* SimpleDataArrayView.swift */; };
		5122FF7F24E574D900E7CE68 /* SimpleDataArrayView.swift in Sources */ = {isa = PBXBuildFile; fileRef = 5122FF7D24E574D900E7CE68 /* SimpleDataArrayView.swift */; };
		5122FF8124E579A100E7CE68 /* CustomDataArrayView.swift in Sources */ = {isa = PBXBuildFile; fileRef = 5122FF8024E579A100E7CE68 /* CustomDataArrayView.swift */; };
		5122FF8224E579A100E7CE68 /* CustomDataArrayView.swift in Sources */ = {isa = PBXBuildFile; fileRef = 5122FF8024E579A100E7CE68 /* CustomDataArrayView.swift */; };
		5122FF8424E57FA600E7CE68 /* IdentifiableDataView.swift in Sources */ = {isa = PBXBuildFile; fileRef = 5122FF8324E57FA600E7CE68 /* IdentifiableDataView.swift */; };
		5122FF8524E57FA600E7CE68 /* IdentifiableDataView.swift in Sources */ = {isa = PBXBuildFile; fileRef = 5122FF8324E57FA600E7CE68 /* IdentifiableDataView.swift */; };
/* End PBXBuildFile section */

/* Begin PBXFileReference section */
		5122FF5924E560EA00E7CE68 /* ForEach_ExamplesApp.swift */ = {isa = PBXFileReference; lastKnownFileType = sourcecode.swift; path = ForEach_ExamplesApp.swift; sourceTree = "<group>"; };
		5122FF5A24E560EA00E7CE68 /* ContentView.swift */ = {isa = PBXFileReference; lastKnownFileType = sourcecode.swift; path = ContentView.swift; sourceTree = "<group>"; };
		5122FF5B24E560EC00E7CE68 /* Assets.xcassets */ = {isa = PBXFileReference; lastKnownFileType = folder.assetcatalog; path = Assets.xcassets; sourceTree = "<group>"; };
		5122FF6024E560EC00E7CE68 /* ForEach Examples.app */ = {isa = PBXFileReference; explicitFileType = wrapper.application; includeInIndex = 0; path = "ForEach Examples.app"; sourceTree = BUILT_PRODUCTS_DIR; };
		5122FF6324E560EC00E7CE68 /* Info.plist */ = {isa = PBXFileReference; lastKnownFileType = text.plist.xml; path = Info.plist; sourceTree = "<group>"; };
		5122FF6824E560EC00E7CE68 /* ForEach Examples.app */ = {isa = PBXFileReference; explicitFileType = wrapper.application; includeInIndex = 0; path = "ForEach Examples.app"; sourceTree = BUILT_PRODUCTS_DIR; };
		5122FF6A24E560EC00E7CE68 /* Info.plist */ = {isa = PBXFileReference; lastKnownFileType = text.plist.xml; path = Info.plist; sourceTree = "<group>"; };
		5122FF6B24E560EC00E7CE68 /* macOS.entitlements */ = {isa = PBXFileReference; lastKnownFileType = text.plist.entitlements; path = macOS.entitlements; sourceTree = "<group>"; };
		5122FF7A24E5610E00E7CE68 /* ClosedRangeView.swift */ = {isa = PBXFileReference; lastKnownFileType = sourcecode.swift; path = ClosedRangeView.swift; sourceTree = "<group>"; };
		5122FF7D24E574D900E7CE68 /* SimpleDataArrayView.swift */ = {isa = PBXFileReference; lastKnownFileType = sourcecode.swift; path = SimpleDataArrayView.swift; sourceTree = "<group>"; };
		5122FF8024E579A100E7CE68 /* CustomDataArrayView.swift */ = {isa = PBXFileReference; lastKnownFileType = sourcecode.swift; path = CustomDataArrayView.swift; sourceTree = "<group>"; };
		5122FF8324E57FA600E7CE68 /* IdentifiableDataView.swift */ = {isa = PBXFileReference; lastKnownFileType = sourcecode.swift; path = IdentifiableDataView.swift; sourceTree = "<group>"; };
/* End PBXFileReference section */

/* Begin PBXFrameworksBuildPhase section */
		5122FF5D24E560EC00E7CE68 /* Frameworks */ = {
			isa = PBXFrameworksBuildPhase;
			buildActionMask = 2147483647;
			files = (
			);
			runOnlyForDeploymentPostprocessing = 0;
		};
		5122FF6524E560EC00E7CE68 /* Frameworks */ = {
			isa = PBXFrameworksBuildPhase;
			buildActionMask = 2147483647;
			files = (
			);
			runOnlyForDeploymentPostprocessing = 0;
		};
/* End PBXFrameworksBuildPhase section */

/* Begin PBXGroup section */
		5122FF5324E560EA00E7CE68 = {
			isa = PBXGroup;
			children = (
				5122FF5824E560EA00E7CE68 /* Shared */,
				5122FF6224E560EC00E7CE68 /* iOS */,
				5122FF6924E560EC00E7CE68 /* macOS */,
				5122FF6124E560EC00E7CE68 /* Products */,
			);
			sourceTree = "<group>";
		};
		5122FF5824E560EA00E7CE68 /* Shared */ = {
			isa = PBXGroup;
			children = (
				5122FF5924E560EA00E7CE68 /* ForEach_ExamplesApp.swift */,
				5122FF5A24E560EA00E7CE68 /* ContentView.swift */,
				5122FF7A24E5610E00E7CE68 /* ClosedRangeView.swift */,
				5122FF7D24E574D900E7CE68 /* SimpleDataArrayView.swift */,
				5122FF8024E579A100E7CE68 /* CustomDataArrayView.swift */,
				5122FF8324E57FA600E7CE68 /* IdentifiableDataView.swift */,
				5122FF5B24E560EC00E7CE68 /* Assets.xcassets */,
			);
			path = Shared;
			sourceTree = "<group>";
		};
		5122FF6124E560EC00E7CE68 /* Products */ = {
			isa = PBXGroup;
			children = (
				5122FF6024E560EC00E7CE68 /* ForEach Examples.app */,
				5122FF6824E560EC00E7CE68 /* ForEach Examples.app */,
			);
			name = Products;
			sourceTree = "<group>";
		};
		5122FF6224E560EC00E7CE68 /* iOS */ = {
			isa = PBXGroup;
			children = (
				5122FF6324E560EC00E7CE68 /* Info.plist */,
			);
			path = iOS;
			sourceTree = "<group>";
		};
		5122FF6924E560EC00E7CE68 /* macOS */ = {
			isa = PBXGroup;
			children = (
				5122FF6A24E560EC00E7CE68 /* Info.plist */,
				5122FF6B24E560EC00E7CE68 /* macOS.entitlements */,
			);
			path = macOS;
			sourceTree = "<group>";
		};
/* End PBXGroup section */

/* Begin PBXNativeTarget section */
		5122FF5F24E560EC00E7CE68 /* ForEach Examples (iOS) */ = {
			isa = PBXNativeTarget;
			buildConfigurationList = 5122FF7424E560EC00E7CE68 /* Build configuration list for PBXNativeTarget "ForEach Examples (iOS)" */;
			buildPhases = (
				5122FF5C24E560EC00E7CE68 /* Sources */,
				5122FF5D24E560EC00E7CE68 /* Frameworks */,
				5122FF5E24E560EC00E7CE68 /* Resources */,
			);
			buildRules = (
			);
			dependencies = (
			);
			name = "ForEach Examples (iOS)";
			productName = "ForEach Examples (iOS)";
			productReference = 5122FF6024E560EC00E7CE68 /* ForEach Examples.app */;
			productType = "com.apple.product-type.application";
		};
		5122FF6724E560EC00E7CE68 /* ForEach Examples (macOS) */ = {
			isa = PBXNativeTarget;
			buildConfigurationList = 5122FF7724E560EC00E7CE68 /* Build configuration list for PBXNativeTarget "ForEach Examples (macOS)" */;
			buildPhases = (
				5122FF6424E560EC00E7CE68 /* Sources */,
				5122FF6524E560EC00E7CE68 /* Frameworks */,
				5122FF6624E560EC00E7CE68 /* Resources */,
			);
			buildRules = (
			);
			dependencies = (
			);
			name = "ForEach Examples (macOS)";
			productName = "ForEach Examples (macOS)";
			productReference = 5122FF6824E560EC00E7CE68 /* ForEach Examples.app */;
			productType = "com.apple.product-type.application";
		};
/* End PBXNativeTarget section */

/* Begin PBXProject section */
		5122FF5424E560EA00E7CE68 /* Project object */ = {
			isa = PBXProject;
			attributes = {
				LastSwiftUpdateCheck = 1200;
				LastUpgradeCheck = 1200;
				TargetAttributes = {
					5122FF5F24E560EC00E7CE68 = {
						CreatedOnToolsVersion = 12.0;
					};
					5122FF6724E560EC00E7CE68 = {
						CreatedOnToolsVersion = 12.0;
					};
				};
			};
			buildConfigurationList = 5122FF5724E560EA00E7CE68 /* Build configuration list for PBXProject "ForEach Examples" */;
			compatibilityVersion = "Xcode 9.3";
			developmentRegion = en;
			hasScannedForEncodings = 0;
			knownRegions = (
				en,
				Base,
			);
			mainGroup = 5122FF5324E560EA00E7CE68;
			productRefGroup = 5122FF6124E560EC00E7CE68 /* Products */;
			projectDirPath = "";
			projectRoot = "";
			targets = (
				5122FF5F24E560EC00E7CE68 /* ForEach Examples (iOS) */,
				5122FF6724E560EC00E7CE68 /* ForEach Examples (macOS) */,
			);
		};
/* End PBXProject section */

/* Begin PBXResourcesBuildPhase section */
		5122FF5E24E560EC00E7CE68 /* Resources */ = {
			isa = PBXResourcesBuildPhase;
			buildActionMask = 2147483647;
			files = (
				5122FF7024E560EC00E7CE68 /* Assets.xcassets in Resources */,
			);
			runOnlyForDeploymentPostprocessing = 0;
		};
		5122FF6624E560EC00E7CE68 /* Resources */ = {
			isa = PBXResourcesBuildPhase;
			buildActionMask = 2147483647;
			files = (
				5122FF7124E560EC00E7CE68 /* Assets.xcassets in Resources */,
			);
			runOnlyForDeploymentPostprocessing = 0;
		};
/* End PBXResourcesBuildPhase section */

/* Begin PBXSourcesBuildPhase section */
		5122FF5C24E560EC00E7CE68 /* Sources */ = {
			isa = PBXSourcesBuildPhase;
			buildActionMask = 2147483647;
			files = (
				5122FF8424E57FA600E7CE68 /* IdentifiableDataView.swift in Sources */,
				5122FF6E24E560EC00E7CE68 /* ContentView.swift in Sources */,
				5122FF7B24E5610E00E7CE68 /* ClosedRangeView.swift in Sources */,
				5122FF8124E579A100E7CE68 /* CustomDataArrayView.swift in Sources */,
				5122FF7E24E574D900E7CE68 /* SimpleDataArrayView.swift in Sources */,
				5122FF6C24E560EC00E7CE68 /* ForEach_ExamplesApp.swift in Sources */,
			);
			runOnlyForDeploymentPostprocessing = 0;
		};
		5122FF6424E560EC00E7CE68 /* Sources */ = {
			isa = PBXSourcesBuildPhase;
			buildActionMask = 2147483647;
			files = (
				5122FF8524E57FA600E7CE68 /* IdentifiableDataView.swift in Sources */,
				5122FF6F24E560EC00E7CE68 /* ContentView.swift in Sources */,
				5122FF7C24E5610E00E7CE68 /* ClosedRangeView.swift in Sources */,
				5122FF8224E579A100E7CE68 /* CustomDataArrayView.swift in Sources */,
				5122FF7F24E574D900E7CE68 /* SimpleDataArrayView.swift in Sources */,
				5122FF6D24E560EC00E7CE68 /* ForEach_ExamplesApp.swift in Sources */,
			);
			runOnlyForDeploymentPostprocessing = 0;
		};
/* End PBXSourcesBuildPhase section */

/* Begin XCBuildConfiguration section */
		5122FF7224E560EC00E7CE68 /* Debug */ = {
			isa = XCBuildConfiguration;
			buildSettings = {
				ALWAYS_SEARCH_USER_PATHS = NO;
				CLANG_ANALYZER_NONNULL = YES;
				CLANG_ANALYZER_NUMBER_OBJECT_CONVERSION = YES_AGGRESSIVE;
				CLANG_CXX_LANGUAGE_STANDARD = "gnu++14";
				CLANG_CXX_LIBRARY = "libc++";
				CLANG_ENABLE_MODULES = YES;
				CLANG_ENABLE_OBJC_ARC = YES;
				CLANG_ENABLE_OBJC_WEAK = YES;
				CLANG_WARN_BLOCK_CAPTURE_AUTORELEASING = YES;
				CLANG_WARN_BOOL_CONVERSION = YES;
				CLANG_WARN_COMMA = YES;
				CLANG_WARN_CONSTANT_CONVERSION = YES;
				CLANG_WARN_DEPRECATED_OBJC_IMPLEMENTATIONS = YES;
				CLANG_WARN_DIRECT_OBJC_ISA_USAGE = YES_ERROR;
				CLANG_WARN_DOCUMENTATION_COMMENTS = YES;
				CLANG_WARN_EMPTY_BODY = YES;
				CLANG_WARN_ENUM_CONVERSION = YES;
				CLANG_WARN_INFINITE_RECURSION = YES;
				CLANG_WARN_INT_CONVERSION = YES;
				CLANG_WARN_NON_LITERAL_NULL_CONVERSION = YES;
				CLANG_WARN_OBJC_IMPLICIT_RETAIN_SELF = YES;
				CLANG_WARN_OBJC_LITERAL_CONVERSION = YES;
				CLANG_WARN_OBJC_ROOT_CLASS = YES_ERROR;
				CLANG_WARN_QUOTED_INCLUDE_IN_FRAMEWORK_HEADER = YES;
				CLANG_WARN_RANGE_LOOP_ANALYSIS = YES;
				CLANG_WARN_STRICT_PROTOTYPES = YES;
				CLANG_WARN_SUSPICIOUS_MOVE = YES;
				CLANG_WARN_UNGUARDED_AVAILABILITY = YES_AGGRESSIVE;
				CLANG_WARN_UNREACHABLE_CODE = YES;
				CLANG_WARN__DUPLICATE_METHOD_MATCH = YES;
				COPY_PHASE_STRIP = NO;
				DEBUG_INFORMATION_FORMAT = dwarf;
				ENABLE_STRICT_OBJC_MSGSEND = YES;
				ENABLE_TESTABILITY = YES;
				GCC_C_LANGUAGE_STANDARD = gnu11;
				GCC_DYNAMIC_NO_PIC = NO;
				GCC_NO_COMMON_BLOCKS = YES;
				GCC_OPTIMIZATION_LEVEL = 0;
				GCC_PREPROCESSOR_DEFINITIONS = (
					"DEBUG=1",
					"$(inherited)",
				);
				GCC_WARN_64_TO_32_BIT_CONVERSION = YES;
				GCC_WARN_ABOUT_RETURN_TYPE = YES_ERROR;
				GCC_WARN_UNDECLARED_SELECTOR = YES;
				GCC_WARN_UNINITIALIZED_AUTOS = YES_AGGRESSIVE;
				GCC_WARN_UNUSED_FUNCTION = YES;
				GCC_WARN_UNUSED_VARIABLE = YES;
				MTL_ENABLE_DEBUG_INFO = INCLUDE_SOURCE;
				MTL_FAST_MATH = YES;
				ONLY_ACTIVE_ARCH = YES;
				SWIFT_ACTIVE_COMPILATION_CONDITIONS = DEBUG;
				SWIFT_OPTIMIZATION_LEVEL = "-Onone";
			};
			name = Debug;
		};
		5122FF7324E560EC00E7CE68 /* Release */ = {
			isa = XCBuildConfiguration;
			buildSettings = {
				ALWAYS_SEARCH_USER_PATHS = NO;
				CLANG_ANALYZER_NONNULL = YES;
				CLANG_ANALYZER_NUMBER_OBJECT_CONVERSION = YES_AGGRESSIVE;
				CLANG_CXX_LANGUAGE_STANDARD = "gnu++14";
				CLANG_CXX_LIBRARY = "libc++";
				CLANG_ENABLE_MODULES = YES;
				CLANG_ENABLE_OBJC_ARC = YES;
				CLANG_ENABLE_OBJC_WEAK = YES;
				CLANG_WARN_BLOCK_CAPTURE_AUTORELEASING = YES;
				CLANG_WARN_BOOL_CONVERSION = YES;
				CLANG_WARN_COMMA = YES;
				CLANG_WARN_CONSTANT_CONVERSION = YES;
				CLANG_WARN_DEPRECATED_OBJC_IMPLEMENTATIONS = YES;
				CLANG_WARN_DIRECT_OBJC_ISA_USAGE = YES_ERROR;
				CLANG_WARN_DOCUMENTATION_COMMENTS = YES;
				CLANG_WARN_EMPTY_BODY = YES;
				CLANG_WARN_ENUM_CONVERSION = YES;
				CLANG_WARN_INFINITE_RECURSION = YES;
				CLANG_WARN_INT_CONVERSION = YES;
				CLANG_WARN_NON_LITERAL_NULL_CONVERSION = YES;
				CLANG_WARN_OBJC_IMPLICIT_RETAIN_SELF = YES;
				CLANG_WARN_OBJC_LITERAL_CONVERSION = YES;
				CLANG_WARN_OBJC_ROOT_CLASS = YES_ERROR;
				CLANG_WARN_QUOTED_INCLUDE_IN_FRAMEWORK_HEADER = YES;
				CLANG_WARN_RANGE_LOOP_ANALYSIS = YES;
				CLANG_WARN_STRICT_PROTOTYPES = YES;
				CLANG_WARN_SUSPICIOUS_MOVE = YES;
				CLANG_WARN_UNGUARDED_AVAILABILITY = YES_AGGRESSIVE;
				CLANG_WARN_UNREACHABLE_CODE = YES;
				CLANG_WARN__DUPLICATE_METHOD_MATCH = YES;
				COPY_PHASE_STRIP = NO;
				DEBUG_INFORMATION_FORMAT = "dwarf-with-dsym";
				ENABLE_NS_ASSERTIONS = NO;
				ENABLE_STRICT_OBJC_MSGSEND = YES;
				GCC_C_LANGUAGE_STANDARD = gnu11;
				GCC_NO_COMMON_BLOCKS = YES;
				GCC_WARN_64_TO_32_BIT_CONVERSION = YES;
				GCC_WARN_ABOUT_RETURN_TYPE = YES_ERROR;
				GCC_WARN_UNDECLARED_SELECTOR = YES;
				GCC_WARN_UNINITIALIZED_AUTOS = YES_AGGRESSIVE;
				GCC_WARN_UNUSED_FUNCTION = YES;
				GCC_WARN_UNUSED_VARIABLE = YES;
				MTL_ENABLE_DEBUG_INFO = NO;
				MTL_FAST_MATH = YES;
				SWIFT_COMPILATION_MODE = wholemodule;
				SWIFT_OPTIMIZATION_LEVEL = "-O";
			};
			name = Release;
		};
		5122FF7524E560EC00E7CE68 /* Debug */ = {
			isa = XCBuildConfiguration;
			buildSettings = {
				ASSETCATALOG_COMPILER_APPICON_NAME = AppIcon;
				ASSETCATALOG_COMPILER_GLOBAL_ACCENT_COLOR_NAME = AccentColor;
				CODE_SIGN_STYLE = Automatic;
				DEVELOPMENT_TEAM = R77BD8MPA8;
				ENABLE_PREVIEWS = YES;
				INFOPLIST_FILE = iOS/Info.plist;
				IPHONEOS_DEPLOYMENT_TARGET = 14.0;
				LD_RUNPATH_SEARCH_PATHS = (
					"$(inherited)",
					"@executable_path/Frameworks",
				);
				PRODUCT_BUNDLE_IDENTIFIER = "com.mazharul.huq.ForEach-Examples";
				PRODUCT_NAME = "ForEach Examples";
				SDKROOT = iphoneos;
				SWIFT_VERSION = 5.0;
				TARGETED_DEVICE_FAMILY = "1,2";
			};
			name = Debug;
		};
		5122FF7624E560EC00E7CE68 /* Release */ = {
			isa = XCBuildConfiguration;
			buildSettings = {
				ASSETCATALOG_COMPILER_APPICON_NAME = AppIcon;
				ASSETCATALOG_COMPILER_GLOBAL_ACCENT_COLOR_NAME = AccentColor;
				CODE_SIGN_STYLE = Automatic;
				DEVELOPMENT_TEAM = R77BD8MPA8;
				ENABLE_PREVIEWS = YES;
				INFOPLIST_FILE = iOS/Info.plist;
				IPHONEOS_DEPLOYMENT_TARGET = 14.0;
				LD_RUNPATH_SEARCH_PATHS = (
					"$(inherited)",
					"@executable_path/Frameworks",
				);
				PRODUCT_BUNDLE_IDENTIFIER = "com.mazharul.huq.ForEach-Examples";
				PRODUCT_NAME = "ForEach Examples";
				SDKROOT = iphoneos;
				SWIFT_VERSION = 5.0;
				TARGETED_DEVICE_FAMILY = "1,2";
				VALIDATE_PRODUCT = YES;
			};
			name = Release;
		};
		5122FF7824E560EC00E7CE68 /* Debug */ = {
			isa = XCBuildConfiguration;
			buildSettings = {
				ASSETCATALOG_COMPILER_APPICON_NAME = AppIcon;
				ASSETCATALOG_COMPILER_GLOBAL_ACCENT_COLOR_NAME = AccentColor;
				CODE_SIGN_ENTITLEMENTS = macOS/macOS.entitlements;
				CODE_SIGN_STYLE = Automatic;
				COMBINE_HIDPI_IMAGES = YES;
				DEVELOPMENT_TEAM = R77BD8MPA8;
				ENABLE_HARDENED_RUNTIME = YES;
				ENABLE_PREVIEWS = YES;
				INFOPLIST_FILE = macOS/Info.plist;
				LD_RUNPATH_SEARCH_PATHS = (
					"$(inherited)",
					"@executable_path/../Frameworks",
				);
				MACOSX_DEPLOYMENT_TARGET = 11.0;
				PRODUCT_BUNDLE_IDENTIFIER = "com.mazharul.huq.ForEach-Examples";
				PRODUCT_NAME = "ForEach Examples";
				SDKROOT = macosx;
				SWIFT_VERSION = 5.0;
			};
			name = Debug;
		};
		5122FF7924E560EC00E7CE68 /* Release */ = {
			isa = XCBuildConfiguration;
			buildSettings = {
				ASSETCATALOG_COMPILER_APPICON_NAME = AppIcon;
				ASSETCATALOG_COMPILER_GLOBAL_ACCENT_COLOR_NAME = AccentColor;
				CODE_SIGN_ENTITLEMENTS = macOS/macOS.entitlements;
				CODE_SIGN_STYLE = Automatic;
				COMBINE_HIDPI_IMAGES = YES;
				DEVELOPMENT_TEAM = R77BD8MPA8;
				ENABLE_HARDENED_RUNTIME = YES;
				ENABLE_PREVIEWS = YES;
				INFOPLIST_FILE = macOS/Info.plist;
				LD_RUNPATH_SEARCH_PATHS = (
					"$(inherited)",
					"@executable_path/../Frameworks",
				);
				MACOSX_DEPLOYMENT_TARGET = 11.0;
				PRODUCT_BUNDLE_IDENTIFIER = "com.mazharul.huq.ForEach-Examples";
				PRODUCT_NAME = "ForEach Examples";
				SDKROOT = macosx;
				SWIFT_VERSION = 5.0;
			};
			name = Release;
		};
/* End XCBuildConfiguration section */

/* Begin XCConfigurationList section */
		5122FF5724E560EA00E7CE68 /* Build configuration list for PBXProject "ForEach Examples" */ = {
			isa = XCConfigurationList;
			buildConfigurations = (
				5122FF7224E560EC00E7CE68 /* Debug */,
				5122FF7324E560EC00E7CE68 /* Release */,
			);
			defaultConfigurationIsVisible = 0;
			defaultConfigurationName = Release;
		};
		5122FF7424E560EC00E7CE68 /* Build configuration list for PBXNativeTarget "ForEach Examples (iOS)" */ = {
			isa = XCConfigurationList;
			buildConfigurations = (
				5122FF7524E560EC00E7CE68 /* Debug */,
				5122FF7624E560EC00E7CE68 /* Release */,
			);
			defaultConfigurationIsVisible = 0;
			defaultConfigurationName = Release;
		};
		5122FF7724E560EC00E7CE68 /* Build configuration list for PBXNativeTarget "ForEach Examples (macOS)" */ = {
			isa = XCConfigurationList;
			buildConfigurations = (
				5122FF7824E560EC00E7CE68 /* Debug */,
				5122FF7924E560EC00E7CE68 /* Release */,
			);
			defaultConfigurationIsVisible = 0;
			defaultConfigurationName = Release;
		};
/* End XCConfigurationList section */
	};
	rootObject = 5122FF5424E560EA00E7CE68 /* Project object */;
}
